// !$*UTF8*$!
{
	archiveVersion = 1;
	classes = {
	};
	objectVersion = 46;
	objects = {

/* Begin PBXBuildFile section */
		7E17C3B2139BEB10006F1AA5 /* Foundation.framework in Frameworks */ = {isa = PBXBuildFile; fileRef = 7E5F9872139AD89900425213 /* Foundation.framework */; };
		7E17C3B3139BEB15006F1AA5 /* AppKit.framework in Frameworks */ = {isa = PBXBuildFile; fileRef = 7E5F9870139AD89900425213 /* AppKit.framework */; };
		7E17C3B4139BEB17006F1AA5 /* CoreData.framework in Frameworks */ = {isa = PBXBuildFile; fileRef = 7E5F9871139AD89900425213 /* CoreData.framework */; };
		7E43FD46139C0BA3000D379A /* ZXing.framework in Frameworks */ = {isa = PBXBuildFile; fileRef = 7E43FD45139C0BA3000D379A /* ZXing.framework */; };
		7E43FD47139C0BB9000D379A /* ZXing.framework in CopyFiles */ = {isa = PBXBuildFile; fileRef = 7E43FD45139C0BA3000D379A /* ZXing.framework */; };
		7E5F986E139AD89900425213 /* Cocoa.framework in Frameworks */ = {isa = PBXBuildFile; fileRef = 7E5F986D139AD89900425213 /* Cocoa.framework */; };
		7E5F9878139AD89900425213 /* InfoPlist.strings in Resources */ = {isa = PBXBuildFile; fileRef = 7E5F9876139AD89900425213 /* InfoPlist.strings */; };
		7E5F987B139AD89900425213 /* main.m in Sources */ = {isa = PBXBuildFile; fileRef = 7E5F987A139AD89900425213 /* main.m */; };
		7E5F987E139AD89900425213 /* Credits.rtf in Resources */ = {isa = PBXBuildFile; fileRef = 7E5F987C139AD89900425213 /* Credits.rtf */; };
		7E5F9881139AD89900425213 /* ZXingMacAppDelegate.m in Sources */ = {isa = PBXBuildFile; fileRef = 7E5F9880139AD89900425213 /* ZXingMacAppDelegate.m */; };
		7E5F9884139AD89900425213 /* MainMenu.xib in Resources */ = {isa = PBXBuildFile; fileRef = 7E5F9882139AD89900425213 /* MainMenu.xib */; };
		7E5F988F139AD8C500425213 /* applogo.icns in Resources */ = {isa = PBXBuildFile; fileRef = 7E5F988A139AD8C500425213 /* applogo.icns */; };
		7E5F9890139AD8C500425213 /* zxinglogo.png in Resources */ = {isa = PBXBuildFile; fileRef = 7E5F988B139AD8C500425213 /* zxinglogo.png */; };
		7E5F9891139AD8C500425213 /* beepbeep.aif in Resources */ = {isa = PBXBuildFile; fileRef = 7E5F988C139AD8C500425213 /* beepbeep.aif */; };
		7E5F9893139AD8C500425213 /* MainMenu.xib in Resources */ = {isa = PBXBuildFile; fileRef = 7E5F988E139AD8C500425213 /* MainMenu.xib */; };
		7E5F989B139AD9DD00425213 /* QTKit.framework in Frameworks */ = {isa = PBXBuildFile; fileRef = 7E5F9899139AD9DD00425213 /* QTKit.framework */; };
		7E5F989C139AD9DD00425213 /* QuartzCore.framework in Frameworks */ = {isa = PBXBuildFile; fileRef = 7E5F989A139AD9DD00425213 /* QuartzCore.framework */; };
/* End PBXBuildFile section */

/* Begin PBXCopyFilesBuildPhase section */
		7E5F9895139AD99B00425213 /* CopyFiles */ = {
			isa = PBXCopyFilesBuildPhase;
			buildActionMask = 2147483647;
			dstPath = "";
			dstSubfolderSpec = 10;
			files = (
				7E43FD47139C0BB9000D379A /* ZXing.framework in CopyFiles */,
			);
			runOnlyForDeploymentPostprocessing = 0;
		};
/* End PBXCopyFilesBuildPhase section */

/* Begin PBXFileReference section */
		7E43FD45139C0BA3000D379A /* ZXing.framework */ = {isa = PBXFileReference; lastKnownFileType = wrapper.framework; name = ZXing.framework; path = ../../ZXingFW/build/Debug/ZXing.framework; sourceTree = "<group>"; };
		7E5F9869139AD89900425213 /* ZXingMac.app */ = {isa = PBXFileReference; explicitFileType = wrapper.application; includeInIndex = 0; path = ZXingMac.app; sourceTree = BUILT_PRODUCTS_DIR; };
		7E5F986D139AD89900425213 /* Cocoa.framework */ = {isa = PBXFileReference; lastKnownFileType = wrapper.framework; name = Cocoa.framework; path = System/Library/Frameworks/Cocoa.framework; sourceTree = SDKROOT; };
		7E5F9870139AD89900425213 /* AppKit.framework */ = {isa = PBXFileReference; lastKnownFileType = wrapper.framework; name = AppKit.framework; path = System/Library/Frameworks/AppKit.framework; sourceTree = SDKROOT; };
		7E5F9871139AD89900425213 /* CoreData.framework */ = {isa = PBXFileReference; lastKnownFileType = wrapper.framework; name = CoreData.framework; path = System/Library/Frameworks/CoreData.framework; sourceTree = SDKROOT; };
		7E5F9872139AD89900425213 /* Foundation.framework */ = {isa = PBXFileReference; lastKnownFileType = wrapper.framework; name = Foundation.framework; path = System/Library/Frameworks/Foundation.framework; sourceTree = SDKROOT; };
		7E5F9875139AD89900425213 /* ZXingMac-Info.plist */ = {isa = PBXFileReference; lastKnownFileType = text.plist.xml; path = "ZXingMac-Info.plist"; sourceTree = "<group>"; };
		7E5F9877139AD89900425213 /* en */ = {isa = PBXFileReference; lastKnownFileType = text.plist.strings; name = en; path = en.lproj/InfoPlist.strings; sourceTree = "<group>"; };
		7E5F9879139AD89900425213 /* ZXingMac-Prefix.pch */ = {isa = PBXFileReference; lastKnownFileType = sourcecode.c.h; path = "ZXingMac-Prefix.pch"; sourceTree = "<group>"; };
		7E5F987A139AD89900425213 /* main.m */ = {isa = PBXFileReference; lastKnownFileType = sourcecode.c.objc; path = main.m; sourceTree = "<group>"; };
		7E5F987D139AD89900425213 /* en */ = {isa = PBXFileReference; lastKnownFileType = text.rtf; name = en; path = en.lproj/Credits.rtf; sourceTree = "<group>"; };
		7E5F987F139AD89900425213 /* ZXingMacAppDelegate.h */ = {isa = PBXFileReference; explicitFileType = sourcecode.cpp.h; name = ZXingMacAppDelegate.h; path = ../../Source/ZXingMacAppDelegate.h; sourceTree = "<group>"; };
		7E5F9880139AD89900425213 /* ZXingMacAppDelegate.m */ = {isa = PBXFileReference; explicitFileType = sourcecode.cpp.objcpp; name = ZXingMacAppDelegate.m; path = ../../Source/ZXingMacAppDelegate.m; sourceTree = "<group>"; };
		7E5F9883139AD89900425213 /* en */ = {isa = PBXFileReference; lastKnownFileType = file.xib; name = en; path = en.lproj/MainMenu.xib; sourceTree = "<group>"; };
		7E5F988A139AD8C500425213 /* applogo.icns */ = {isa = PBXFileReference; lastKnownFileType = image.icns; name = applogo.icns; path = ../../Resources/applogo.icns; sourceTree = "<group>"; };
		7E5F988B139AD8C500425213 /* zxinglogo.png */ = {isa = PBXFileReference; lastKnownFileType = image.png; name = zxinglogo.png; path = ../../Resources/zxinglogo.png; sourceTree = "<group>"; };
		7E5F988C139AD8C500425213 /* beepbeep.aif */ = {isa = PBXFileReference; lastKnownFileType = file; name = beepbeep.aif; path = ../../Resources/beepbeep.aif; sourceTree = "<group>"; };
		7E5F988E139AD8C500425213 /* MainMenu.xib */ = {isa = PBXFileReference; fileEncoding = 4; lastKnownFileType = file.xib; name = MainMenu.xib; path = ../../Resources/MainMenu.xib; sourceTree = "<group>"; };
		7E5F9894139AD94600425213 /* ZXingMacDefs.h */ = {isa = PBXFileReference; fileEncoding = 4; lastKnownFileType = sourcecode.c.h; name = ZXingMacDefs.h; path = ../../Source/ZXingMacDefs.h; sourceTree = "<group>"; };
		7E5F9899139AD9DD00425213 /* QTKit.framework */ = {isa = PBXFileReference; lastKnownFileType = wrapper.framework; name = QTKit.framework; path = System/Library/Frameworks/QTKit.framework; sourceTree = SDKROOT; };
		7E5F989A139AD9DD00425213 /* QuartzCore.framework */ = {isa = PBXFileReference; lastKnownFileType = wrapper.framework; name = QuartzCore.framework; path = System/Library/Frameworks/QuartzCore.framework; sourceTree = SDKROOT; };
		7EDAD0E0139C047F00E79EE0 /* ZXing.xcodeproj */ = {isa = PBXFileReference; lastKnownFileType = "wrapper.pb-project"; name = ZXing.xcodeproj; path = ../../ZXingFW/ZXing.xcodeproj; sourceTree = "<group>"; };
/* End PBXFileReference section */

/* Begin PBXFrameworksBuildPhase section */
		7E5F9866139AD89900425213 /* Frameworks */ = {
			isa = PBXFrameworksBuildPhase;
			buildActionMask = 2147483647;
			files = (
				7E5F986E139AD89900425213 /* Cocoa.framework in Frameworks */,
				7E17C3B3139BEB15006F1AA5 /* AppKit.framework in Frameworks */,
				7E17C3B4139BEB17006F1AA5 /* CoreData.framework in Frameworks */,
				7E5F989B139AD9DD00425213 /* QTKit.framework in Frameworks */,
				7E17C3B2139BEB10006F1AA5 /* Foundation.framework in Frameworks */,
				7E5F989C139AD9DD00425213 /* QuartzCore.framework in Frameworks */,
				7E43FD46139C0BA3000D379A /* ZXing.framework in Frameworks */,
			);
			runOnlyForDeploymentPostprocessing = 0;
		};
/* End PBXFrameworksBuildPhase section */

/* Begin PBXGroup section */
		7E5F985E139AD89900425213 = {
			isa = PBXGroup;
			children = (
				7EDAD0E0139C047F00E79EE0 /* ZXing.xcodeproj */,
				7E5F9873139AD89900425213 /* ZXingMac */,
				7E5F986C139AD89900425213 /* Frameworks */,
				7E5F986A139AD89900425213 /* Products */,
			);
			sourceTree = "<group>";
		};
		7E5F986A139AD89900425213 /* Products */ = {
			isa = PBXGroup;
			children = (
				7E5F9869139AD89900425213 /* ZXingMac.app */,
			);
			name = Products;
			sourceTree = "<group>";
		};
		7E5F986C139AD89900425213 /* Frameworks */ = {
			isa = PBXGroup;
			children = (
				7E43FD45139C0BA3000D379A /* ZXing.framework */,
				7E5F986D139AD89900425213 /* Cocoa.framework */,
				7E5F986F139AD89900425213 /* Other Frameworks */,
			);
			name = Frameworks;
			sourceTree = "<group>";
		};
		7E5F986F139AD89900425213 /* Other Frameworks */ = {
			isa = PBXGroup;
			children = (
				7E5F9899139AD9DD00425213 /* QTKit.framework */,
				7E5F989A139AD9DD00425213 /* QuartzCore.framework */,
				7E5F9870139AD89900425213 /* AppKit.framework */,
				7E5F9871139AD89900425213 /* CoreData.framework */,
				7E5F9872139AD89900425213 /* Foundation.framework */,
			);
			name = "Other Frameworks";
			sourceTree = "<group>";
		};
		7E5F9873139AD89900425213 /* ZXingMac */ = {
			isa = PBXGroup;
			children = (
				7E5F987A139AD89900425213 /* main.m */,
				7E5F9894139AD94600425213 /* ZXingMacDefs.h */,
				7E5F9879139AD89900425213 /* ZXingMac-Prefix.pch */,
				7E5F987F139AD89900425213 /* ZXingMacAppDelegate.h */,
				7E5F9880139AD89900425213 /* ZXingMacAppDelegate.m */,
				7E5F9882139AD89900425213 /* MainMenu.xib */,
				7E5F9874139AD89900425213 /* Supporting Files */,
			);
			path = ZXingMac;
			sourceTree = "<group>";
		};
		7E5F9874139AD89900425213 /* Supporting Files */ = {
			isa = PBXGroup;
			children = (
				7E5F988A139AD8C500425213 /* applogo.icns */,
				7E5F988B139AD8C500425213 /* zxinglogo.png */,
				7E5F988C139AD8C500425213 /* beepbeep.aif */,
				7E5F988E139AD8C500425213 /* MainMenu.xib */,
				7E5F9875139AD89900425213 /* ZXingMac-Info.plist */,
				7E5F9876139AD89900425213 /* InfoPlist.strings */,
				7E5F987C139AD89900425213 /* Credits.rtf */,
			);
			name = "Supporting Files";
			sourceTree = "<group>";
		};
/* End PBXGroup section */

/* Begin PBXNativeTarget section */
		7E5F9868139AD89900425213 /* ZXingMac */ = {
			isa = PBXNativeTarget;
			buildConfigurationList = 7E5F9887139AD89900425213 /* Build configuration list for PBXNativeTarget "ZXingMac" */;
			buildPhases = (
				7E5F9865139AD89900425213 /* Sources */,
				7E5F9866139AD89900425213 /* Frameworks */,
				7E5F9867139AD89900425213 /* Resources */,
				7E5F9895139AD99B00425213 /* CopyFiles */,
			);
			buildRules = (
			);
			name = ZXingMac;
			productName = ZXingMac;
			productReference = 7E5F9869139AD89900425213 /* ZXingMac.app */;
			productType = "com.apple.product-type.application";
		};
/* End PBXNativeTarget section */

/* Begin PBXProject section */
		7E5F9860139AD89900425213 /* Project object */ = {
			isa = PBXProject;
			buildConfigurationList = 7E5F9863139AD89900425213 /* Build configuration list for PBXProject "ZXingMac" */;
			compatibilityVersion = "Xcode 3.2";
			developmentRegion = English;
			hasScannedForEncodings = 0;
			knownRegions = (
				en,
			);
			mainGroup = 7E5F985E139AD89900425213;
			productRefGroup = 7E5F986A139AD89900425213 /* Products */;
			projectDirPath = "";
			projectRoot = "";
			targets = (
				7E5F9868139AD89900425213 /* ZXingMac */,
			);
		};
/* End PBXProject section */

/* Begin PBXResourcesBuildPhase section */
		7E5F9867139AD89900425213 /* Resources */ = {
			isa = PBXResourcesBuildPhase;
			buildActionMask = 2147483647;
			files = (
				7E5F9878139AD89900425213 /* InfoPlist.strings in Resources */,
				7E5F987E139AD89900425213 /* Credits.rtf in Resources */,
				7E5F9884139AD89900425213 /* MainMenu.xib in Resources */,
				7E5F988F139AD8C500425213 /* applogo.icns in Resources */,
				7E5F9890139AD8C500425213 /* zxinglogo.png in Resources */,
				7E5F9891139AD8C500425213 /* beepbeep.aif in Resources */,
				7E5F9893139AD8C500425213 /* MainMenu.xib in Resources */,
			);
			runOnlyForDeploymentPostprocessing = 0;
		};
/* End PBXResourcesBuildPhase section */

/* Begin PBXSourcesBuildPhase section */
		7E5F9865139AD89900425213 /* Sources */ = {
			isa = PBXSourcesBuildPhase;
			buildActionMask = 2147483647;
			files = (
				7E5F987B139AD89900425213 /* main.m in Sources */,
				7E5F9881139AD89900425213 /* ZXingMacAppDelegate.m in Sources */,
			);
			runOnlyForDeploymentPostprocessing = 0;
		};
/* End PBXSourcesBuildPhase section */

/* Begin PBXVariantGroup section */
		7E5F9876139AD89900425213 /* InfoPlist.strings */ = {
			isa = PBXVariantGroup;
			children = (
				7E5F9877139AD89900425213 /* en */,
			);
			name = InfoPlist.strings;
			sourceTree = "<group>";
		};
		7E5F987C139AD89900425213 /* Credits.rtf */ = {
			isa = PBXVariantGroup;
			children = (
				7E5F987D139AD89900425213 /* en */,
			);
			name = Credits.rtf;
			sourceTree = "<group>";
		};
		7E5F9882139AD89900425213 /* MainMenu.xib */ = {
			isa = PBXVariantGroup;
			children = (
				7E5F9883139AD89900425213 /* en */,
			);
			name = MainMenu.xib;
			sourceTree = "<group>";
		};
/* End PBXVariantGroup section */

/* Begin XCBuildConfiguration section */
		7E5F9885139AD89900425213 /* Debug */ = {
			isa = XCBuildConfiguration;
			buildSettings = {
				ARCHS = "$(ARCHS_STANDARD_32_64_BIT)";
				GCC_C_LANGUAGE_STANDARD = gnu99;
				GCC_OPTIMIZATION_LEVEL = 0;
				GCC_PREPROCESSOR_DEFINITIONS = DEBUG;
				GCC_SYMBOLS_PRIVATE_EXTERN = NO;
				GCC_VERSION = com.apple.compilers.llvm.clang.1_0;
				GCC_WARN_64_TO_32_BIT_CONVERSION = NO;
				GCC_WARN_ABOUT_RETURN_TYPE = YES;
				GCC_WARN_UNUSED_VARIABLE = YES;
				LD_RUNPATH_SEARCH_PATHS = "@loader_path/../Frameworks";
				MACOSX_DEPLOYMENT_TARGET = 10.5;
				ONLY_ACTIVE_ARCH = YES;
				SDKROOT = macosx;
			};
			name = Debug;
		};
		7E5F9886139AD89900425213 /* Release */ = {
			isa = XCBuildConfiguration;
			buildSettings = {
				ARCHS = "$(ARCHS_STANDARD_32_64_BIT)";
				GCC_C_LANGUAGE_STANDARD = gnu99;
				GCC_VERSION = com.apple.compilers.llvm.clang.1_0;
				GCC_WARN_64_TO_32_BIT_CONVERSION = NO;
				GCC_WARN_ABOUT_RETURN_TYPE = YES;
				GCC_WARN_UNUSED_VARIABLE = YES;
				LD_RUNPATH_SEARCH_PATHS = "@loader_path/../Frameworks";
				MACOSX_DEPLOYMENT_TARGET = 10.5;
				SDKROOT = macosx;
			};
			name = Release;
		};
		7E5F9888139AD89900425213 /* Debug */ = {
			isa = XCBuildConfiguration;
			buildSettings = {
				ALWAYS_SEARCH_USER_PATHS = YES;
				COPY_PHASE_STRIP = NO;
				FRAMEWORK_SEARCH_PATHS = (
					"$(inherited)",
					"\"$(SRCROOT)/../../ZXingFW/build/Debug\"",
				);
				GCC_DYNAMIC_NO_PIC = NO;
				GCC_ENABLE_OBJC_EXCEPTIONS = YES;
				GCC_PRECOMPILE_PREFIX_HEADER = YES;
				GCC_PREFIX_HEADER = "ZXingMac/ZXingMac-Prefix.pch";
				GCC_WARN_64_TO_32_BIT_CONVERSION = NO;
				INFOPLIST_FILE = "ZXingMac/ZXingMac-Info.plist";
				LD_RUNPATH_SEARCH_PATHS = "@loader_path/../Frameworks";
				MACOSX_DEPLOYMENT_TARGET = 10.5;
				PRODUCT_NAME = "$(TARGET_NAME)";
				USER_HEADER_SEARCH_PATHS = "$(SRCROOT)/../../../macos $(SRCROOT)/../../../cpp/core/src/**";
				WRAPPER_EXTENSION = app;
			};
			name = Debug;
		};
		7E5F9889139AD89900425213 /* Release */ = {
			isa = XCBuildConfiguration;
			buildSettings = {
				ALWAYS_SEARCH_USER_PATHS = YES;
				COPY_PHASE_STRIP = YES;
				DEBUG_INFORMATION_FORMAT = "dwarf-with-dsym";
				FRAMEWORK_SEARCH_PATHS = (
					"$(inherited)",
					"\"$(SRCROOT)/../../ZXingFW/build/Debug\"",
				);
				GCC_ENABLE_OBJC_EXCEPTIONS = YES;
				GCC_PRECOMPILE_PREFIX_HEADER = YES;
				GCC_PREFIX_HEADER = "ZXingMac/ZXingMac-Prefix.pch";
				GCC_WARN_64_TO_32_BIT_CONVERSION = NO;
				INFOPLIST_FILE = "ZXingMac/ZXingMac-Info.plist";
				LD_RUNPATH_SEARCH_PATHS = "@loader_path/../Frameworks";
				MACOSX_DEPLOYMENT_TARGET = 10.5;
				PRODUCT_NAME = "$(TARGET_NAME)";
				USER_HEADER_SEARCH_PATHS = "$(SRCROOT)/../../../macos $(SRCROOT)/../../../cpp/core/src/**";
				WRAPPER_EXTENSION = app;
			};
			name = Release;
		};
/* End XCBuildConfiguration section */

/* Begin XCConfigurationList section */
		7E5F9863139AD89900425213 /* Build configuration list for PBXProject "ZXingMac" */ = {
			isa = XCConfigurationList;
			buildConfigurations = (
				7E5F9885139AD89900425213 /* Debug */,
				7E5F9886139AD89900425213 /* Release */,
			);
			defaultConfigurationIsVisible = 0;
			defaultConfigurationName = Release;
		};
		7E5F9887139AD89900425213 /* Build configuration list for PBXNativeTarget "ZXingMac" */ = {
			isa = XCConfigurationList;
			buildConfigurations = (
				7E5F9888139AD89900425213 /* Debug */,
				7E5F9889139AD89900425213 /* Release */,
			);
			defaultConfigurationIsVisible = 0;
			defaultConfigurationName = Release;
		};
/* End XCConfigurationList section */
	};
	rootObject = 7E5F9860139AD89900425213 /* Project object */;
}
