// !$*UTF8*$!
{
	archiveVersion = 1;
	classes = {
	};
	objectVersion = 46;
	objects = {

/* Begin PBXBuildFile section */
		7E1186281399879A00EEE901 /* Cocoa.framework in Frameworks */ = {isa = PBXBuildFile; fileRef = 7E1186271399879A00EEE901 /* Cocoa.framework */; };
		7E1186321399879A00EEE901 /* InfoPlist.strings in Resources */ = {isa = PBXBuildFile; fileRef = 7E1186301399879A00EEE901 /* InfoPlist.strings */; };
		7E17C3D0139BEF0C006F1AA5 /* ZXBinarizer.h in Headers */ = {isa = PBXBuildFile; fileRef = 7E17C3BE139BEF0B006F1AA5 /* ZXBinarizer.h */; };
		7E17C3D1139BEF0C006F1AA5 /* ZXBinaryBitmap.h in Headers */ = {isa = PBXBuildFile; fileRef = 7E17C3BF139BEF0B006F1AA5 /* ZXBinaryBitmap.h */; };
		7E17C3D2139BEF0C006F1AA5 /* ZXCapture.h in Headers */ = {isa = PBXBuildFile; fileRef = 7E17C3C0139BEF0B006F1AA5 /* ZXCapture.h */; };
		7E17C3D3139BEF0C006F1AA5 /* ZXCaptureDelegate.h in Headers */ = {isa = PBXBuildFile; fileRef = 7E17C3C1139BEF0B006F1AA5 /* ZXCaptureDelegate.h */; };
		7E17C3D4139BEF0C006F1AA5 /* ZXCaptureView.h in Headers */ = {isa = PBXBuildFile; fileRef = 7E17C3C2139BEF0B006F1AA5 /* ZXCaptureView.h */; };
		7E17C3D5139BEF0C006F1AA5 /* ZXCGImageLuminanceSource.h in Headers */ = {isa = PBXBuildFile; fileRef = 7E17C3C3139BEF0B006F1AA5 /* ZXCGImageLuminanceSource.h */; };
		7E17C3D6139BEF0C006F1AA5 /* ZXDecodeHints.h in Headers */ = {isa = PBXBuildFile; fileRef = 7E17C3C4139BEF0B006F1AA5 /* ZXDecodeHints.h */; };
		7E17C3D7139BEF0C006F1AA5 /* ZXHybridBinarizer.h in Headers */ = {isa = PBXBuildFile; fileRef = 7E17C3C5139BEF0B006F1AA5 /* ZXHybridBinarizer.h */; };
		7E17C3D8139BEF0C006F1AA5 /* ZXIllegalArgumentException.h in Headers */ = {isa = PBXBuildFile; fileRef = 7E17C3C6139BEF0C006F1AA5 /* ZXIllegalArgumentException.h */; };
		7E17C3D9139BEF0C006F1AA5 /* ZXImage.h in Headers */ = {isa = PBXBuildFile; fileRef = 7E17C3C7139BEF0C006F1AA5 /* ZXImage.h */; };
		7E17C3DA139BEF0C006F1AA5 /* ZXLuminanceSource.h in Headers */ = {isa = PBXBuildFile; fileRef = 7E17C3C8139BEF0C006F1AA5 /* ZXLuminanceSource.h */; };
		7E17C3DB139BEF0C006F1AA5 /* ZXMultiFormatReader.h in Headers */ = {isa = PBXBuildFile; fileRef = 7E17C3C9139BEF0C006F1AA5 /* ZXMultiFormatReader.h */; };
		7E17C3DC139BEF0C006F1AA5 /* ZXOverlay.h in Headers */ = {isa = PBXBuildFile; fileRef = 7E17C3CA139BEF0C006F1AA5 /* ZXOverlay.h */; };
		7E17C3DD139BEF0C006F1AA5 /* ZXQRCodeReader.h in Headers */ = {isa = PBXBuildFile; fileRef = 7E17C3CB139BEF0C006F1AA5 /* ZXQRCodeReader.h */; };
		7E17C3DE139BEF0C006F1AA5 /* ZXReader.h in Headers */ = {isa = PBXBuildFile; fileRef = 7E17C3CC139BEF0C006F1AA5 /* ZXReader.h */; };
		7E17C3DF139BEF0C006F1AA5 /* ZXReaderException.h in Headers */ = {isa = PBXBuildFile; fileRef = 7E17C3CD139BEF0C006F1AA5 /* ZXReaderException.h */; };
		7E17C3E0139BEF0C006F1AA5 /* ZXResult.h in Headers */ = {isa = PBXBuildFile; fileRef = 7E17C3CE139BEF0C006F1AA5 /* ZXResult.h */; };
		7E17C3E1139BEF0C006F1AA5 /* ZXView.h in Headers */ = {isa = PBXBuildFile; fileRef = 7E17C3CF139BEF0C006F1AA5 /* ZXView.h */; };
		7E286B68139C0230000DDEDE /* libZXing.a in Frameworks */ = {isa = PBXBuildFile; fileRef = 7E286B67139C0230000DDEDE /* libZXing.a */; };
		7E337669139A983E00D2CB39 /* libiconv.dylib in Frameworks */ = {isa = PBXBuildFile; fileRef = 7E337666139A983E00D2CB39 /* libiconv.dylib */; };
		7E33766A139A983E00D2CB39 /* QTKit.framework in Frameworks */ = {isa = PBXBuildFile; fileRef = 7E337667139A983E00D2CB39 /* QTKit.framework */; };
		7E33766B139A983E00D2CB39 /* QuartzCore.framework in Frameworks */ = {isa = PBXBuildFile; fileRef = 7E337668139A983E00D2CB39 /* QuartzCore.framework */; };
		7E45273E1399D95C00C0D809 /* CGImageLuminanceSource.mm in Sources */ = {isa = PBXBuildFile; fileRef = 7E45272D1399D95C00C0D809 /* CGImageLuminanceSource.mm */; };
		7E45273F1399D95C00C0D809 /* ZXBinarizer.mm in Sources */ = {isa = PBXBuildFile; fileRef = 7E45272E1399D95C00C0D809 /* ZXBinarizer.mm */; };
		7E4527401399D95C00C0D809 /* ZXBinaryBitmap.mm in Sources */ = {isa = PBXBuildFile; fileRef = 7E45272F1399D95C00C0D809 /* ZXBinaryBitmap.mm */; };
		7E4527411399D95C00C0D809 /* ZXCapture.mm in Sources */ = {isa = PBXBuildFile; fileRef = 7E4527301399D95C00C0D809 /* ZXCapture.mm */; };
		7E4527421399D95C00C0D809 /* ZXCaptureView.mm in Sources */ = {isa = PBXBuildFile; fileRef = 7E4527311399D95C00C0D809 /* ZXCaptureView.mm */; };
		7E4527431399D95C00C0D809 /* ZXCGImageLuminanceSource.mm in Sources */ = {isa = PBXBuildFile; fileRef = 7E4527321399D95C00C0D809 /* ZXCGImageLuminanceSource.mm */; };
		7E4527441399D95C00C0D809 /* ZXDecodeHints.mm in Sources */ = {isa = PBXBuildFile; fileRef = 7E4527331399D95C00C0D809 /* ZXDecodeHints.mm */; };
		7E4527451399D95C00C0D809 /* ZXHybridBinarizer.mm in Sources */ = {isa = PBXBuildFile; fileRef = 7E4527341399D95C00C0D809 /* ZXHybridBinarizer.mm */; };
		7E4527461399D95C00C0D809 /* ZXIllegalArgumentException.mm in Sources */ = {isa = PBXBuildFile; fileRef = 7E4527351399D95C00C0D809 /* ZXIllegalArgumentException.mm */; };
		7E4527471399D95C00C0D809 /* ZXImage.mm in Sources */ = {isa = PBXBuildFile; fileRef = 7E4527361399D95C00C0D809 /* ZXImage.mm */; };
		7E4527481399D95C00C0D809 /* ZXLuminanceSource.mm in Sources */ = {isa = PBXBuildFile; fileRef = 7E4527371399D95C00C0D809 /* ZXLuminanceSource.mm */; };
		7E4527491399D95C00C0D809 /* ZXMultiFormatReader.mm in Sources */ = {isa = PBXBuildFile; fileRef = 7E4527381399D95C00C0D809 /* ZXMultiFormatReader.mm */; };
		7E45274A1399D95C00C0D809 /* ZXOverlay.m in Sources */ = {isa = PBXBuildFile; fileRef = 7E4527391399D95C00C0D809 /* ZXOverlay.m */; };
		7E45274B1399D95C00C0D809 /* ZXQRCodeReader.mm in Sources */ = {isa = PBXBuildFile; fileRef = 7E45273A1399D95C00C0D809 /* ZXQRCodeReader.mm */; };
		7E45274C1399D95C00C0D809 /* ZXReader.mm in Sources */ = {isa = PBXBuildFile; fileRef = 7E45273B1399D95C00C0D809 /* ZXReader.mm */; };
		7E45274D1399D95C00C0D809 /* ZXReaderException.mm in Sources */ = {isa = PBXBuildFile; fileRef = 7E45273C1399D95C00C0D809 /* ZXReaderException.mm */; };
		7E45274E1399D95C00C0D809 /* ZXResult.mm in Sources */ = {isa = PBXBuildFile; fileRef = 7E45273D1399D95C00C0D809 /* ZXResult.mm */; };
/* End PBXBuildFile section */

/* Begin PBXFileReference section */
		7E1186241399879A00EEE901 /* ZXing.framework */ = {isa = PBXFileReference; explicitFileType = wrapper.framework; includeInIndex = 0; path = ZXing.framework; sourceTree = BUILT_PRODUCTS_DIR; };
		7E1186271399879A00EEE901 /* Cocoa.framework */ = {isa = PBXFileReference; lastKnownFileType = wrapper.framework; name = Cocoa.framework; path = System/Library/Frameworks/Cocoa.framework; sourceTree = SDKROOT; };
		7E11862A1399879A00EEE901 /* AppKit.framework */ = {isa = PBXFileReference; lastKnownFileType = wrapper.framework; name = AppKit.framework; path = System/Library/Frameworks/AppKit.framework; sourceTree = SDKROOT; };
		7E11862B1399879A00EEE901 /* CoreData.framework */ = {isa = PBXFileReference; lastKnownFileType = wrapper.framework; name = CoreData.framework; path = System/Library/Frameworks/CoreData.framework; sourceTree = SDKROOT; };
		7E11862C1399879A00EEE901 /* Foundation.framework */ = {isa = PBXFileReference; lastKnownFileType = wrapper.framework; name = Foundation.framework; path = System/Library/Frameworks/Foundation.framework; sourceTree = SDKROOT; };
		7E11862F1399879A00EEE901 /* ZXing-Info.plist */ = {isa = PBXFileReference; lastKnownFileType = text.plist.xml; path = "ZXing-Info.plist"; sourceTree = "<group>"; };
		7E1186311399879A00EEE901 /* en */ = {isa = PBXFileReference; lastKnownFileType = text.plist.strings; name = en; path = en.lproj/InfoPlist.strings; sourceTree = "<group>"; };
		7E1186331399879A00EEE901 /* ZXing-Prefix.pch */ = {isa = PBXFileReference; lastKnownFileType = sourcecode.c.h; path = "ZXing-Prefix.pch"; sourceTree = "<group>"; };
		7E17C3BE139BEF0B006F1AA5 /* ZXBinarizer.h */ = {isa = PBXFileReference; lastKnownFileType = sourcecode.c.h; name = ZXBinarizer.h; path = ../ZXingObjc/ZXBinarizer.h; sourceTree = "<group>"; };
		7E17C3BF139BEF0B006F1AA5 /* ZXBinaryBitmap.h */ = {isa = PBXFileReference; lastKnownFileType = sourcecode.c.h; name = ZXBinaryBitmap.h; path = ../ZXingObjc/ZXBinaryBitmap.h; sourceTree = "<group>"; };
		7E17C3C0139BEF0B006F1AA5 /* ZXCapture.h */ = {isa = PBXFileReference; lastKnownFileType = sourcecode.c.h; name = ZXCapture.h; path = ../ZXingObjc/ZXCapture.h; sourceTree = "<group>"; };
		7E17C3C1139BEF0B006F1AA5 /* ZXCaptureDelegate.h */ = {isa = PBXFileReference; lastKnownFileType = sourcecode.c.h; name = ZXCaptureDelegate.h; path = ../ZXingObjc/ZXCaptureDelegate.h; sourceTree = "<group>"; };
		7E17C3C2139BEF0B006F1AA5 /* ZXCaptureView.h */ = {isa = PBXFileReference; lastKnownFileType = sourcecode.c.h; name = ZXCaptureView.h; path = ../ZXingObjc/ZXCaptureView.h; sourceTree = "<group>"; };
		7E17C3C3139BEF0B006F1AA5 /* ZXCGImageLuminanceSource.h */ = {isa = PBXFileReference; lastKnownFileType = sourcecode.c.h; name = ZXCGImageLuminanceSource.h; path = ../ZXingObjc/ZXCGImageLuminanceSource.h; sourceTree = "<group>"; };
		7E17C3C4139BEF0B006F1AA5 /* ZXDecodeHints.h */ = {isa = PBXFileReference; lastKnownFileType = sourcecode.c.h; name = ZXDecodeHints.h; path = ../ZXingObjc/ZXDecodeHints.h; sourceTree = "<group>"; };
		7E17C3C5139BEF0B006F1AA5 /* ZXHybridBinarizer.h */ = {isa = PBXFileReference; lastKnownFileType = sourcecode.c.h; name = ZXHybridBinarizer.h; path = ../ZXingObjc/ZXHybridBinarizer.h; sourceTree = "<group>"; };
		7E17C3C6139BEF0C006F1AA5 /* ZXIllegalArgumentException.h */ = {isa = PBXFileReference; lastKnownFileType = sourcecode.c.h; name = ZXIllegalArgumentException.h; path = ../ZXingObjc/ZXIllegalArgumentException.h; sourceTree = "<group>"; };
		7E17C3C7139BEF0C006F1AA5 /* ZXImage.h */ = {isa = PBXFileReference; lastKnownFileType = sourcecode.c.h; name = ZXImage.h; path = ../ZXingObjc/ZXImage.h; sourceTree = "<group>"; };
		7E17C3C8139BEF0C006F1AA5 /* ZXLuminanceSource.h */ = {isa = PBXFileReference; lastKnownFileType = sourcecode.c.h; name = ZXLuminanceSource.h; path = ../ZXingObjc/ZXLuminanceSource.h; sourceTree = "<group>"; };
		7E17C3C9139BEF0C006F1AA5 /* ZXMultiFormatReader.h */ = {isa = PBXFileReference; lastKnownFileType = sourcecode.c.h; name = ZXMultiFormatReader.h; path = ../ZXingObjc/ZXMultiFormatReader.h; sourceTree = "<group>"; };
		7E17C3CA139BEF0C006F1AA5 /* ZXOverlay.h */ = {isa = PBXFileReference; lastKnownFileType = sourcecode.c.h; name = ZXOverlay.h; path = ../ZXingObjc/ZXOverlay.h; sourceTree = "<group>"; };
		7E17C3CB139BEF0C006F1AA5 /* ZXQRCodeReader.h */ = {isa = PBXFileReference; lastKnownFileType = sourcecode.c.h; name = ZXQRCodeReader.h; path = ../ZXingObjc/ZXQRCodeReader.h; sourceTree = "<group>"; };
		7E17C3CC139BEF0C006F1AA5 /* ZXReader.h */ = {isa = PBXFileReference; lastKnownFileType = sourcecode.c.h; name = ZXReader.h; path = ../ZXingObjc/ZXReader.h; sourceTree = "<group>"; };
		7E17C3CD139BEF0C006F1AA5 /* ZXReaderException.h */ = {isa = PBXFileReference; lastKnownFileType = sourcecode.c.h; name = ZXReaderException.h; path = ../ZXingObjc/ZXReaderException.h; sourceTree = "<group>"; };
		7E17C3CE139BEF0C006F1AA5 /* ZXResult.h */ = {isa = PBXFileReference; lastKnownFileType = sourcecode.c.h; name = ZXResult.h; path = ../ZXingObjc/ZXResult.h; sourceTree = "<group>"; };
		7E17C3CF139BEF0C006F1AA5 /* ZXView.h */ = {isa = PBXFileReference; lastKnownFileType = sourcecode.c.h; name = ZXView.h; path = ../ZXingObjc/ZXView.h; sourceTree = "<group>"; };
		7E286B67139C0230000DDEDE /* libZXing.a */ = {isa = PBXFileReference; lastKnownFileType = archive.ar; name = libZXing.a; path = ../../ZXingLib/build/Debug/libZXing.a; sourceTree = "<group>"; };
		7E286B99139C030A000DDEDE /* ZXingLib.xcodeproj */ = {isa = PBXFileReference; lastKnownFileType = "wrapper.pb-project"; name = ZXingLib.xcodeproj; path = ../ZXingLib/ZXingLib.xcodeproj; sourceTree = "<group>"; };
		7E337666139A983E00D2CB39 /* libiconv.dylib */ = {isa = PBXFileReference; lastKnownFileType = "compiled.mach-o.dylib"; name = libiconv.dylib; path = usr/lib/libiconv.dylib; sourceTree = SDKROOT; };
		7E337667139A983E00D2CB39 /* QTKit.framework */ = {isa = PBXFileReference; lastKnownFileType = wrapper.framework; name = QTKit.framework; path = System/Library/Frameworks/QTKit.framework; sourceTree = SDKROOT; };
		7E337668139A983E00D2CB39 /* QuartzCore.framework */ = {isa = PBXFileReference; lastKnownFileType = wrapper.framework; name = QuartzCore.framework; path = System/Library/Frameworks/QuartzCore.framework; sourceTree = SDKROOT; };
		7E45272D1399D95C00C0D809 /* CGImageLuminanceSource.mm */ = {isa = PBXFileReference; fileEncoding = 4; lastKnownFileType = sourcecode.cpp.objcpp; name = CGImageLuminanceSource.mm; path = ../../ZXingObjc/CGImageLuminanceSource.mm; sourceTree = "<group>"; };
		7E45272E1399D95C00C0D809 /* ZXBinarizer.mm */ = {isa = PBXFileReference; fileEncoding = 4; lastKnownFileType = sourcecode.cpp.objcpp; name = ZXBinarizer.mm; path = ../../ZXingObjc/ZXBinarizer.mm; sourceTree = "<group>"; };
		7E45272F1399D95C00C0D809 /* ZXBinaryBitmap.mm */ = {isa = PBXFileReference; fileEncoding = 4; lastKnownFileType = sourcecode.cpp.objcpp; name = ZXBinaryBitmap.mm; path = ../../ZXingObjc/ZXBinaryBitmap.mm; sourceTree = "<group>"; };
		7E4527301399D95C00C0D809 /* ZXCapture.mm */ = {isa = PBXFileReference; explicitFileType = sourcecode.cpp.objcpp; fileEncoding = 4; name = ZXCapture.mm; path = ../../ZXingObjc/ZXCapture.mm; sourceTree = "<group>"; };
		7E4527311399D95C00C0D809 /* ZXCaptureView.mm */ = {isa = PBXFileReference; fileEncoding = 4; lastKnownFileType = sourcecode.cpp.objcpp; name = ZXCaptureView.mm; path = ../../ZXingObjc/ZXCaptureView.mm; sourceTree = "<group>"; };
		7E4527321399D95C00C0D809 /* ZXCGImageLuminanceSource.mm */ = {isa = PBXFileReference; fileEncoding = 4; lastKnownFileType = sourcecode.cpp.objcpp; name = ZXCGImageLuminanceSource.mm; path = ../../ZXingObjc/ZXCGImageLuminanceSource.mm; sourceTree = "<group>"; };
		7E4527331399D95C00C0D809 /* ZXDecodeHints.mm */ = {isa = PBXFileReference; fileEncoding = 4; lastKnownFileType = sourcecode.cpp.objcpp; name = ZXDecodeHints.mm; path = ../../ZXingObjc/ZXDecodeHints.mm; sourceTree = "<group>"; };
		7E4527341399D95C00C0D809 /* ZXHybridBinarizer.mm */ = {isa = PBXFileReference; fileEncoding = 4; lastKnownFileType = sourcecode.cpp.objcpp; name = ZXHybridBinarizer.mm; path = ../../ZXingObjc/ZXHybridBinarizer.mm; sourceTree = "<group>"; };
		7E4527351399D95C00C0D809 /* ZXIllegalArgumentException.mm */ = {isa = PBXFileReference; fileEncoding = 4; lastKnownFileType = sourcecode.cpp.objcpp; name = ZXIllegalArgumentException.mm; path = ../../ZXingObjc/ZXIllegalArgumentException.mm; sourceTree = "<group>"; };
		7E4527361399D95C00C0D809 /* ZXImage.mm */ = {isa = PBXFileReference; fileEncoding = 4; lastKnownFileType = sourcecode.cpp.objcpp; name = ZXImage.mm; path = ../../ZXingObjc/ZXImage.mm; sourceTree = "<group>"; };
		7E4527371399D95C00C0D809 /* ZXLuminanceSource.mm */ = {isa = PBXFileReference; fileEncoding = 4; lastKnownFileType = sourcecode.cpp.objcpp; name = ZXLuminanceSource.mm; path = ../../ZXingObjc/ZXLuminanceSource.mm; sourceTree = "<group>"; };
		7E4527381399D95C00C0D809 /* ZXMultiFormatReader.mm */ = {isa = PBXFileReference; fileEncoding = 4; lastKnownFileType = sourcecode.cpp.objcpp; name = ZXMultiFormatReader.mm; path = ../../ZXingObjc/ZXMultiFormatReader.mm; sourceTree = "<group>"; };
		7E4527391399D95C00C0D809 /* ZXOverlay.m */ = {isa = PBXFileReference; explicitFileType = sourcecode.cpp.objcpp; fileEncoding = 4; name = ZXOverlay.m; path = ../../ZXingObjc/ZXOverlay.m; sourceTree = "<group>"; };
		7E45273A1399D95C00C0D809 /* ZXQRCodeReader.mm */ = {isa = PBXFileReference; fileEncoding = 4; lastKnownFileType = sourcecode.cpp.objcpp; name = ZXQRCodeReader.mm; path = ../../ZXingObjc/ZXQRCodeReader.mm; sourceTree = "<group>"; };
		7E45273B1399D95C00C0D809 /* ZXReader.mm */ = {isa = PBXFileReference; fileEncoding = 4; lastKnownFileType = sourcecode.cpp.objcpp; name = ZXReader.mm; path = ../../ZXingObjc/ZXReader.mm; sourceTree = "<group>"; };
		7E45273C1399D95C00C0D809 /* ZXReaderException.mm */ = {isa = PBXFileReference; fileEncoding = 4; lastKnownFileType = sourcecode.cpp.objcpp; name = ZXReaderException.mm; path = ../../ZXingObjc/ZXReaderException.mm; sourceTree = "<group>"; };
		7E45273D1399D95C00C0D809 /* ZXResult.mm */ = {isa = PBXFileReference; fileEncoding = 4; lastKnownFileType = sourcecode.cpp.objcpp; name = ZXResult.mm; path = ../../ZXingObjc/ZXResult.mm; sourceTree = "<group>"; };
/* End PBXFileReference section */

/* Begin PBXFrameworksBuildPhase section */
		7E1186201399879A00EEE901 /* Frameworks */ = {
			isa = PBXFrameworksBuildPhase;
			buildActionMask = 2147483647;
			files = (
				7E1186281399879A00EEE901 /* Cocoa.framework in Frameworks */,
				7E33766A139A983E00D2CB39 /* QTKit.framework in Frameworks */,
				7E33766B139A983E00D2CB39 /* QuartzCore.framework in Frameworks */,
				7E337669139A983E00D2CB39 /* libiconv.dylib in Frameworks */,
				7E286B68139C0230000DDEDE /* libZXing.a in Frameworks */,
			);
			runOnlyForDeploymentPostprocessing = 0;
		};
/* End PBXFrameworksBuildPhase section */

/* Begin PBXGroup section */
		7E1186181399879A00EEE901 = {
			isa = PBXGroup;
			children = (
				7E286B99139C030A000DDEDE /* ZXingLib.xcodeproj */,
				7E17C3E2139BEF16006F1AA5 /* Project Headers */,
				7E11862D1399879A00EEE901 /* ZXing */,
				7E1186261399879A00EEE901 /* Frameworks */,
				7E1186251399879A00EEE901 /* Products */,
			);
			sourceTree = "<group>";
		};
		7E1186251399879A00EEE901 /* Products */ = {
			isa = PBXGroup;
			children = (
				7E1186241399879A00EEE901 /* ZXing.framework */,
			);
			name = Products;
			sourceTree = "<group>";
		};
		7E1186261399879A00EEE901 /* Frameworks */ = {
			isa = PBXGroup;
			children = (
				7E1186271399879A00EEE901 /* Cocoa.framework */,
				7E337667139A983E00D2CB39 /* QTKit.framework */,
				7E337668139A983E00D2CB39 /* QuartzCore.framework */,
				7E337666139A983E00D2CB39 /* libiconv.dylib */,
				7E1186291399879A00EEE901 /* Other Frameworks */,
			);
			name = Frameworks;
			sourceTree = "<group>";
		};
		7E1186291399879A00EEE901 /* Other Frameworks */ = {
			isa = PBXGroup;
			children = (
				7E11862A1399879A00EEE901 /* AppKit.framework */,
				7E11862B1399879A00EEE901 /* CoreData.framework */,
				7E11862C1399879A00EEE901 /* Foundation.framework */,
			);
			name = "Other Frameworks";
			sourceTree = "<group>";
		};
		7E11862D1399879A00EEE901 /* ZXing */ = {
			isa = PBXGroup;
			children = (
				7E4527301399D95C00C0D809 /* ZXCapture.mm */,
				7E4527391399D95C00C0D809 /* ZXOverlay.m */,
				7E4527311399D95C00C0D809 /* ZXCaptureView.mm */,
				7E4527321399D95C00C0D809 /* ZXCGImageLuminanceSource.mm */,
				7E4527331399D95C00C0D809 /* ZXDecodeHints.mm */,
				7E4527341399D95C00C0D809 /* ZXHybridBinarizer.mm */,
				7E4527351399D95C00C0D809 /* ZXIllegalArgumentException.mm */,
				7E4527361399D95C00C0D809 /* ZXImage.mm */,
				7E4527371399D95C00C0D809 /* ZXLuminanceSource.mm */,
				7E4527381399D95C00C0D809 /* ZXMultiFormatReader.mm */,
				7E45273A1399D95C00C0D809 /* ZXQRCodeReader.mm */,
				7E45272D1399D95C00C0D809 /* CGImageLuminanceSource.mm */,
				7E45272E1399D95C00C0D809 /* ZXBinarizer.mm */,
				7E45272F1399D95C00C0D809 /* ZXBinaryBitmap.mm */,
				7E45273B1399D95C00C0D809 /* ZXReader.mm */,
				7E45273C1399D95C00C0D809 /* ZXReaderException.mm */,
				7E45273D1399D95C00C0D809 /* ZXResult.mm */,
				7E11862E1399879A00EEE901 /* Supporting Files */,
			);
			path = ZXing;
			sourceTree = "<group>";
		};
		7E11862E1399879A00EEE901 /* Supporting Files */ = {
			isa = PBXGroup;
			children = (
				7E286B67139C0230000DDEDE /* libZXing.a */,
				7E11862F1399879A00EEE901 /* ZXing-Info.plist */,
				7E1186301399879A00EEE901 /* InfoPlist.strings */,
				7E1186331399879A00EEE901 /* ZXing-Prefix.pch */,
			);
			name = "Supporting Files";
			sourceTree = "<group>";
		};
		7E17C3E2139BEF16006F1AA5 /* Project Headers */ = {
			isa = PBXGroup;
			children = (
				7E17C3BE139BEF0B006F1AA5 /* ZXBinarizer.h */,
				7E17C3BF139BEF0B006F1AA5 /* ZXBinaryBitmap.h */,
				7E17C3C0139BEF0B006F1AA5 /* ZXCapture.h */,
				7E17C3C1139BEF0B006F1AA5 /* ZXCaptureDelegate.h */,
				7E17C3C2139BEF0B006F1AA5 /* ZXCaptureView.h */,
				7E17C3C3139BEF0B006F1AA5 /* ZXCGImageLuminanceSource.h */,
				7E17C3C4139BEF0B006F1AA5 /* ZXDecodeHints.h */,
				7E17C3C5139BEF0B006F1AA5 /* ZXHybridBinarizer.h */,
				7E17C3C6139BEF0C006F1AA5 /* ZXIllegalArgumentException.h */,
				7E17C3C7139BEF0C006F1AA5 /* ZXImage.h */,
				7E17C3C8139BEF0C006F1AA5 /* ZXLuminanceSource.h */,
				7E17C3C9139BEF0C006F1AA5 /* ZXMultiFormatReader.h */,
				7E17C3CA139BEF0C006F1AA5 /* ZXOverlay.h */,
				7E17C3CB139BEF0C006F1AA5 /* ZXQRCodeReader.h */,
				7E17C3CC139BEF0C006F1AA5 /* ZXReader.h */,
				7E17C3CD139BEF0C006F1AA5 /* ZXReaderException.h */,
				7E17C3CE139BEF0C006F1AA5 /* ZXResult.h */,
				7E17C3CF139BEF0C006F1AA5 /* ZXView.h */,
			);
			name = "Project Headers";
			sourceTree = "<group>";
		};
/* End PBXGroup section */

/* Begin PBXHeadersBuildPhase section */
		7E1186211399879A00EEE901 /* Headers */ = {
			isa = PBXHeadersBuildPhase;
			buildActionMask = 2147483647;
			files = (
				7E17C3D0139BEF0C006F1AA5 /* ZXBinarizer.h in Headers */,
				7E17C3D1139BEF0C006F1AA5 /* ZXBinaryBitmap.h in Headers */,
				7E17C3D2139BEF0C006F1AA5 /* ZXCapture.h in Headers */,
				7E17C3D3139BEF0C006F1AA5 /* ZXCaptureDelegate.h in Headers */,
				7E17C3D4139BEF0C006F1AA5 /* ZXCaptureView.h in Headers */,
				7E17C3D5139BEF0C006F1AA5 /* ZXCGImageLuminanceSource.h in Headers */,
				7E17C3D6139BEF0C006F1AA5 /* ZXDecodeHints.h in Headers */,
				7E17C3D7139BEF0C006F1AA5 /* ZXHybridBinarizer.h in Headers */,
				7E17C3D8139BEF0C006F1AA5 /* ZXIllegalArgumentException.h in Headers */,
				7E17C3D9139BEF0C006F1AA5 /* ZXImage.h in Headers */,
				7E17C3DA139BEF0C006F1AA5 /* ZXLuminanceSource.h in Headers */,
				7E17C3DB139BEF0C006F1AA5 /* ZXMultiFormatReader.h in Headers */,
				7E17C3DC139BEF0C006F1AA5 /* ZXOverlay.h in Headers */,
				7E17C3DD139BEF0C006F1AA5 /* ZXQRCodeReader.h in Headers */,
				7E17C3DE139BEF0C006F1AA5 /* ZXReader.h in Headers */,
				7E17C3DF139BEF0C006F1AA5 /* ZXReaderException.h in Headers */,
				7E17C3E0139BEF0C006F1AA5 /* ZXResult.h in Headers */,
				7E17C3E1139BEF0C006F1AA5 /* ZXView.h in Headers */,
			);
			runOnlyForDeploymentPostprocessing = 0;
		};
/* End PBXHeadersBuildPhase section */

/* Begin PBXNativeTarget section */
		7E1186231399879A00EEE901 /* ZXing */ = {
			isa = PBXNativeTarget;
			buildConfigurationList = 7E1186361399879A00EEE901 /* Build configuration list for PBXNativeTarget "ZXing" */;
			buildPhases = (
				7E11861F1399879A00EEE901 /* Sources */,
				7E1186201399879A00EEE901 /* Frameworks */,
				7E1186211399879A00EEE901 /* Headers */,
				7E1186221399879A00EEE901 /* Resources */,
			);
			buildRules = (
			);
			dependencies = (
			);
			name = ZXing;
			productName = ZXing;
			productReference = 7E1186241399879A00EEE901 /* ZXing.framework */;
			productType = "com.apple.product-type.framework";
		};
/* End PBXNativeTarget section */

/* Begin PBXProject section */
		7E11861A1399879A00EEE901 /* Project object */ = {
			isa = PBXProject;
			buildConfigurationList = 7E11861D1399879A00EEE901 /* Build configuration list for PBXProject "ZXing" */;
			compatibilityVersion = "Xcode 3.2";
			developmentRegion = English;
			hasScannedForEncodings = 0;
			knownRegions = (
				en,
			);
			mainGroup = 7E1186181399879A00EEE901;
			productRefGroup = 7E1186251399879A00EEE901 /* Products */;
			projectDirPath = "";
			projectRoot = "";
			targets = (
				7E1186231399879A00EEE901 /* ZXing */,
			);
		};
/* End PBXProject section */

/* Begin PBXResourcesBuildPhase section */
		7E1186221399879A00EEE901 /* Resources */ = {
			isa = PBXResourcesBuildPhase;
			buildActionMask = 2147483647;
			files = (
				7E1186321399879A00EEE901 /* InfoPlist.strings in Resources */,
			);
			runOnlyForDeploymentPostprocessing = 0;
		};
/* End PBXResourcesBuildPhase section */

/* Begin PBXSourcesBuildPhase section */
		7E11861F1399879A00EEE901 /* Sources */ = {
			isa = PBXSourcesBuildPhase;
			buildActionMask = 2147483647;
			files = (
				7E45273E1399D95C00C0D809 /* CGImageLuminanceSource.mm in Sources */,
				7E45273F1399D95C00C0D809 /* ZXBinarizer.mm in Sources */,
				7E4527401399D95C00C0D809 /* ZXBinaryBitmap.mm in Sources */,
				7E4527411399D95C00C0D809 /* ZXCapture.mm in Sources */,
				7E4527421399D95C00C0D809 /* ZXCaptureView.mm in Sources */,
				7E4527431399D95C00C0D809 /* ZXCGImageLuminanceSource.mm in Sources */,
				7E4527441399D95C00C0D809 /* ZXDecodeHints.mm in Sources */,
				7E4527451399D95C00C0D809 /* ZXHybridBinarizer.mm in Sources */,
				7E4527461399D95C00C0D809 /* ZXIllegalArgumentException.mm in Sources */,
				7E4527471399D95C00C0D809 /* ZXImage.mm in Sources */,
				7E4527481399D95C00C0D809 /* ZXLuminanceSource.mm in Sources */,
				7E4527491399D95C00C0D809 /* ZXMultiFormatReader.mm in Sources */,
				7E45274A1399D95C00C0D809 /* ZXOverlay.m in Sources */,
				7E45274B1399D95C00C0D809 /* ZXQRCodeReader.mm in Sources */,
				7E45274C1399D95C00C0D809 /* ZXReader.mm in Sources */,
				7E45274D1399D95C00C0D809 /* ZXReaderException.mm in Sources */,
				7E45274E1399D95C00C0D809 /* ZXResult.mm in Sources */,
			);
			runOnlyForDeploymentPostprocessing = 0;
		};
/* End PBXSourcesBuildPhase section */

/* Begin PBXVariantGroup section */
		7E1186301399879A00EEE901 /* InfoPlist.strings */ = {
			isa = PBXVariantGroup;
			children = (
				7E1186311399879A00EEE901 /* en */,
			);
			name = InfoPlist.strings;
			sourceTree = "<group>";
		};
/* End PBXVariantGroup section */

/* Begin XCBuildConfiguration section */
		7E1186341399879A00EEE901 /* Debug */ = {
			isa = XCBuildConfiguration;
			buildSettings = {
				ARCHS = "$(ARCHS_STANDARD_32_64_BIT)";
				GCC_C_LANGUAGE_STANDARD = gnu99;
				GCC_OPTIMIZATION_LEVEL = 0;
				GCC_PREPROCESSOR_DEFINITIONS = DEBUG;
				GCC_SYMBOLS_PRIVATE_EXTERN = NO;
				GCC_VERSION = com.apple.compilers.llvm.clang.1_0;
				GCC_WARN_64_TO_32_BIT_CONVERSION = NO;
				GCC_WARN_ABOUT_RETURN_TYPE = YES;
				GCC_WARN_UNUSED_VARIABLE = YES;
				HEADER_SEARCH_PATHS = "$(SRCROOT)/../ZXingObjc";
				MACOSX_DEPLOYMENT_TARGET = 10.5;
				ONLY_ACTIVE_ARCH = YES;
				SDKROOT = macosx;
				USER_HEADER_SEARCH_PATHS = "$(SRCROOT)/../ZXingObjc $(SRCROOT)/../../cpp/core/src/**";
			};
			name = Debug;
		};
		7E1186351399879A00EEE901 /* Release */ = {
			isa = XCBuildConfiguration;
			buildSettings = {
				ARCHS = "$(ARCHS_STANDARD_32_64_BIT)";
				GCC_C_LANGUAGE_STANDARD = gnu99;
				GCC_VERSION = com.apple.compilers.llvm.clang.1_0;
				GCC_WARN_64_TO_32_BIT_CONVERSION = NO;
				GCC_WARN_ABOUT_RETURN_TYPE = YES;
				GCC_WARN_UNUSED_VARIABLE = YES;
				HEADER_SEARCH_PATHS = "$(SRCROOT)/../ZXingObjc";
				MACOSX_DEPLOYMENT_TARGET = 10.5;
				SDKROOT = macosx;
				USER_HEADER_SEARCH_PATHS = "$(SRCROOT)/../ZXingObjc $(SRCROOT)/../../cpp/core/src/**";
			};
			name = Release;
		};
		7E1186371399879A00EEE901 /* Debug */ = {
			isa = XCBuildConfiguration;
			buildSettings = {
				ALWAYS_SEARCH_USER_PATHS = YES;
				COPY_PHASE_STRIP = NO;
				DYLIB_COMPATIBILITY_VERSION = 1;
				DYLIB_CURRENT_VERSION = 1;
				FRAMEWORK_VERSION = A;
				GCC_DYNAMIC_NO_PIC = NO;
				GCC_ENABLE_OBJC_EXCEPTIONS = YES;
				GCC_PRECOMPILE_PREFIX_HEADER = YES;
				GCC_PREFIX_HEADER = "ZXing/ZXing-Prefix.pch";
				HEADER_SEARCH_PATHS = "$(SRCROOT)/../ZXingObjc";
				INFOPLIST_FILE = "ZXing/ZXing-Info.plist";
				INSTALL_PATH = "@rpath";
				LD_RUNPATH_SEARCH_PATHS = "";
				LIBRARY_SEARCH_PATHS = (
					"$(inherited)",
					"\"$(SRCROOT)/../ZXingLib/build/Debug\"",
				);
				PRODUCT_NAME = "$(TARGET_NAME)";
				USER_HEADER_SEARCH_PATHS = "$(SRCROOT)/../ZXingObjc $(SRCROOT)/../../cpp/core/src/**";
				WRAPPER_EXTENSION = framework;
			};
			name = Debug;
		};
		7E1186381399879A00EEE901 /* Release */ = {
			isa = XCBuildConfiguration;
			buildSettings = {
				ALWAYS_SEARCH_USER_PATHS = YES;
				COPY_PHASE_STRIP = YES;
				DEBUG_INFORMATION_FORMAT = "dwarf-with-dsym";
				DYLIB_COMPATIBILITY_VERSION = 1;
				DYLIB_CURRENT_VERSION = 1;
				FRAMEWORK_VERSION = A;
				GCC_ENABLE_OBJC_EXCEPTIONS = YES;
				GCC_PRECOMPILE_PREFIX_HEADER = YES;
				GCC_PREFIX_HEADER = "ZXing/ZXing-Prefix.pch";
				HEADER_SEARCH_PATHS = "$(SRCROOT)/../ZXingObjc";
				INFOPLIST_FILE = "ZXing/ZXing-Info.plist";
				INSTALL_PATH = "@rpath";
				LD_RUNPATH_SEARCH_PATHS = "";
				LIBRARY_SEARCH_PATHS = (
					"$(inherited)",
					"\"$(SRCROOT)/../ZXingLib/build/Debug\"",
				);
				PRODUCT_NAME = "$(TARGET_NAME)";
				USER_HEADER_SEARCH_PATHS = "$(SRCROOT)/../ZXingObjc $(SRCROOT)/../../cpp/core/src/**";
				WRAPPER_EXTENSION = framework;
			};
			name = Release;
		};
/* End XCBuildConfiguration section */

/* Begin XCConfigurationList section */
		7E11861D1399879A00EEE901 /* Build configuration list for PBXProject "ZXing" */ = {
			isa = XCConfigurationList;
			buildConfigurations = (
				7E1186341399879A00EEE901 /* Debug */,
				7E1186351399879A00EEE901 /* Release */,
			);
			defaultConfigurationIsVisible = 0;
			defaultConfigurationName = Release;
		};
		7E1186361399879A00EEE901 /* Build configuration list for PBXNativeTarget "ZXing" */ = {
			isa = XCConfigurationList;
			buildConfigurations = (
				7E1186371399879A00EEE901 /* Debug */,
				7E1186381399879A00EEE901 /* Release */,
			);
			defaultConfigurationIsVisible = 0;
			defaultConfigurationName = Release;
		};
/* End XCConfigurationList section */
	};
	rootObject = 7E11861A1399879A00EEE901 /* Project object */;
}
