// !$*UTF8*$!
{
	archiveVersion = 1;
	classes = {
	};
	objectVersion = 46;
	objects = {

/* Begin PBXBuildFile section */
		7E2EE4AB1399C49D009375CA /* libiconv.dylib in Frameworks */ = {isa = PBXBuildFile; fileRef = 7E2EE4A81399C49D009375CA /* libiconv.dylib */; };
		7E2EE4AC1399C49D009375CA /* QTKit.framework in Frameworks */ = {isa = PBXBuildFile; fileRef = 7E2EE4A91399C49D009375CA /* QTKit.framework */; };
		7E2EE4AD1399C49D009375CA /* QuartzCore.framework in Frameworks */ = {isa = PBXBuildFile; fileRef = 7E2EE4AA1399C49D009375CA /* QuartzCore.framework */; };
		7E2EE4C91399CC8B009375CA /* BarcodeFormat.cpp in Sources */ = {isa = PBXBuildFile; fileRef = 7E2EE4BD1399CC8B009375CA /* BarcodeFormat.cpp */; };
		7E2EE4CA1399CC8B009375CA /* Binarizer.cpp in Sources */ = {isa = PBXBuildFile; fileRef = 7E2EE4BE1399CC8B009375CA /* Binarizer.cpp */; };
		7E2EE4CB1399CC8B009375CA /* BinaryBitmap.cpp in Sources */ = {isa = PBXBuildFile; fileRef = 7E2EE4BF1399CC8B009375CA /* BinaryBitmap.cpp */; };
		7E2EE4CC1399CC8B009375CA /* DecodeHints.cpp in Sources */ = {isa = PBXBuildFile; fileRef = 7E2EE4C01399CC8B009375CA /* DecodeHints.cpp */; };
		7E2EE4CD1399CC8B009375CA /* Exception.cpp in Sources */ = {isa = PBXBuildFile; fileRef = 7E2EE4C11399CC8B009375CA /* Exception.cpp */; };
		7E2EE4CE1399CC8B009375CA /* LuminanceSource.cpp in Sources */ = {isa = PBXBuildFile; fileRef = 7E2EE4C21399CC8B009375CA /* LuminanceSource.cpp */; };
		7E2EE4D01399CC8B009375CA /* Reader.cpp in Sources */ = {isa = PBXBuildFile; fileRef = 7E2EE4C41399CC8B009375CA /* Reader.cpp */; };
		7E2EE4D11399CC8B009375CA /* ReaderException.cpp in Sources */ = {isa = PBXBuildFile; fileRef = 7E2EE4C51399CC8B009375CA /* ReaderException.cpp */; };
		7E2EE4D21399CC8B009375CA /* Result.cpp in Sources */ = {isa = PBXBuildFile; fileRef = 7E2EE4C61399CC8B009375CA /* Result.cpp */; };
		7E2EE4D31399CC8B009375CA /* ResultPoint.cpp in Sources */ = {isa = PBXBuildFile; fileRef = 7E2EE4C71399CC8B009375CA /* ResultPoint.cpp */; };
		7E2EE4D41399CC8B009375CA /* ResultPointCallback.cpp in Sources */ = {isa = PBXBuildFile; fileRef = 7E2EE4C81399CC8B009375CA /* ResultPointCallback.cpp */; };
		7E2EE4E51399CCC0009375CA /* Array.cpp in Sources */ = {isa = PBXBuildFile; fileRef = 7E2EE4D51399CCC0009375CA /* Array.cpp */; };
		7E2EE4E61399CCC0009375CA /* BitArray.cpp in Sources */ = {isa = PBXBuildFile; fileRef = 7E2EE4D61399CCC0009375CA /* BitArray.cpp */; };
		7E2EE4E71399CCC0009375CA /* BitMatrix.cpp in Sources */ = {isa = PBXBuildFile; fileRef = 7E2EE4D71399CCC0009375CA /* BitMatrix.cpp */; };
		7E2EE4E81399CCC0009375CA /* BitSource.cpp in Sources */ = {isa = PBXBuildFile; fileRef = 7E2EE4D81399CCC0009375CA /* BitSource.cpp */; };
		7E2EE4E91399CCC0009375CA /* Counted.cpp in Sources */ = {isa = PBXBuildFile; fileRef = 7E2EE4D91399CCC0009375CA /* Counted.cpp */; };
		7E2EE4EA1399CCC0009375CA /* DecoderResult.cpp in Sources */ = {isa = PBXBuildFile; fileRef = 7E2EE4DA1399CCC0009375CA /* DecoderResult.cpp */; };
		7E2EE4EB1399CCC0009375CA /* DetectorResult.cpp in Sources */ = {isa = PBXBuildFile; fileRef = 7E2EE4DB1399CCC0009375CA /* DetectorResult.cpp */; };
		7E2EE4EC1399CCC0009375CA /* EdgeDetector.cpp in Sources */ = {isa = PBXBuildFile; fileRef = 7E2EE4DC1399CCC0009375CA /* EdgeDetector.cpp */; };
		7E2EE4ED1399CCC0009375CA /* GlobalHistogramBinarizer.cpp in Sources */ = {isa = PBXBuildFile; fileRef = 7E2EE4DD1399CCC0009375CA /* GlobalHistogramBinarizer.cpp */; };
		7E2EE4EE1399CCC0009375CA /* GreyscaleLuminanceSource.cpp in Sources */ = {isa = PBXBuildFile; fileRef = 7E2EE4DE1399CCC0009375CA /* GreyscaleLuminanceSource.cpp */; };
		7E2EE4EF1399CCC0009375CA /* GreyscaleRotatedLuminanceSource.cpp in Sources */ = {isa = PBXBuildFile; fileRef = 7E2EE4DF1399CCC0009375CA /* GreyscaleRotatedLuminanceSource.cpp */; };
		7E2EE4F01399CCC0009375CA /* GridSampler.cpp in Sources */ = {isa = PBXBuildFile; fileRef = 7E2EE4E01399CCC0009375CA /* GridSampler.cpp */; };
		7E2EE4F11399CCC0009375CA /* HybridBinarizer.cpp in Sources */ = {isa = PBXBuildFile; fileRef = 7E2EE4E11399CCC0009375CA /* HybridBinarizer.cpp */; };
		7E2EE4F21399CCC0009375CA /* IllegalArgumentException.cpp in Sources */ = {isa = PBXBuildFile; fileRef = 7E2EE4E21399CCC0009375CA /* IllegalArgumentException.cpp */; };
		7E2EE4F31399CCC0009375CA /* PerspectiveTransform.cpp in Sources */ = {isa = PBXBuildFile; fileRef = 7E2EE4E31399CCC0009375CA /* PerspectiveTransform.cpp */; };
		7E2EE4F41399CCC0009375CA /* Str.cpp in Sources */ = {isa = PBXBuildFile; fileRef = 7E2EE4E41399CCC0009375CA /* Str.cpp */; };
		7E2EE4F71399CCD8009375CA /* DataMatrixReader.cpp in Sources */ = {isa = PBXBuildFile; fileRef = 7E2EE4F51399CCD8009375CA /* DataMatrixReader.cpp */; };
		7E2EE4F81399CCD8009375CA /* Version.cpp in Sources */ = {isa = PBXBuildFile; fileRef = 7E2EE4F61399CCD8009375CA /* Version.cpp */; };
		7E2EE4FD1399CCF5009375CA /* GF256.cpp in Sources */ = {isa = PBXBuildFile; fileRef = 7E2EE4F91399CCF5009375CA /* GF256.cpp */; };
		7E2EE4FE1399CCF5009375CA /* GF256Poly.cpp in Sources */ = {isa = PBXBuildFile; fileRef = 7E2EE4FA1399CCF5009375CA /* GF256Poly.cpp */; };
		7E2EE4FF1399CCF5009375CA /* ReedSolomonDecoder.cpp in Sources */ = {isa = PBXBuildFile; fileRef = 7E2EE4FB1399CCF5009375CA /* ReedSolomonDecoder.cpp */; };
		7E2EE5001399CCF5009375CA /* ReedSolomonException.cpp in Sources */ = {isa = PBXBuildFile; fileRef = 7E2EE4FC1399CCF5009375CA /* ReedSolomonException.cpp */; };
		7E2EE5051399CD14009375CA /* BitMatrixParser.cpp in Sources */ = {isa = PBXBuildFile; fileRef = 7E2EE5011399CD14009375CA /* BitMatrixParser.cpp */; };
		7E2EE5061399CD14009375CA /* DataBlock.cpp in Sources */ = {isa = PBXBuildFile; fileRef = 7E2EE5021399CD14009375CA /* DataBlock.cpp */; };
		7E2EE5071399CD14009375CA /* DecodedBitStreamParser.cpp in Sources */ = {isa = PBXBuildFile; fileRef = 7E2EE5031399CD14009375CA /* DecodedBitStreamParser.cpp */; };
		7E2EE5081399CD14009375CA /* Decoder.cpp in Sources */ = {isa = PBXBuildFile; fileRef = 7E2EE5041399CD14009375CA /* Decoder.cpp */; };
		7E2EE50C1399CD34009375CA /* CornerPoint.cpp in Sources */ = {isa = PBXBuildFile; fileRef = 7E2EE5091399CD34009375CA /* CornerPoint.cpp */; };
		7E2EE50D1399CD34009375CA /* Detector.cpp in Sources */ = {isa = PBXBuildFile; fileRef = 7E2EE50A1399CD34009375CA /* Detector.cpp */; };
		7E2EE50E1399CD34009375CA /* MonochromeRectangleDetector.cpp in Sources */ = {isa = PBXBuildFile; fileRef = 7E2EE50B1399CD34009375CA /* MonochromeRectangleDetector.cpp */; };
		7E2EE51B1399CD5A009375CA /* Code39Reader.cpp in Sources */ = {isa = PBXBuildFile; fileRef = 7E2EE50F1399CD5A009375CA /* Code39Reader.cpp */; };
		7E2EE52D1399CD81009375CA /* BitMatrixParser.cpp in Sources */ = {isa = PBXBuildFile; fileRef = 7E2EE5271399CD81009375CA /* BitMatrixParser.cpp */; };
		7E2EE52E1399CD81009375CA /* DataBlock.cpp in Sources */ = {isa = PBXBuildFile; fileRef = 7E2EE5281399CD81009375CA /* DataBlock.cpp */; };
		7E2EE52F1399CD81009375CA /* DataMask.cpp in Sources */ = {isa = PBXBuildFile; fileRef = 7E2EE5291399CD81009375CA /* DataMask.cpp */; };
		7E2EE5301399CD81009375CA /* DecodedBitStreamParser.cpp in Sources */ = {isa = PBXBuildFile; fileRef = 7E2EE52A1399CD81009375CA /* DecodedBitStreamParser.cpp */; };
		7E2EE5311399CD81009375CA /* Decoder.cpp in Sources */ = {isa = PBXBuildFile; fileRef = 7E2EE52B1399CD81009375CA /* Decoder.cpp */; };
		7E2EE5321399CD81009375CA /* Mode.cpp in Sources */ = {isa = PBXBuildFile; fileRef = 7E2EE52C1399CD81009375CA /* Mode.cpp */; };
		7E2EE53A1399CD98009375CA /* AlignmentPattern.cpp in Sources */ = {isa = PBXBuildFile; fileRef = 7E2EE5331399CD98009375CA /* AlignmentPattern.cpp */; };
		7E2EE53B1399CD98009375CA /* AlignmentPatternFinder.cpp in Sources */ = {isa = PBXBuildFile; fileRef = 7E2EE5341399CD98009375CA /* AlignmentPatternFinder.cpp */; };
		7E2EE53C1399CD98009375CA /* Detector.cpp in Sources */ = {isa = PBXBuildFile; fileRef = 7E2EE5351399CD98009375CA /* Detector.cpp */; };
		7E2EE53D1399CD98009375CA /* FinderPattern.cpp in Sources */ = {isa = PBXBuildFile; fileRef = 7E2EE5361399CD98009375CA /* FinderPattern.cpp */; };
		7E2EE53E1399CD98009375CA /* FinderPatternFinder.cpp in Sources */ = {isa = PBXBuildFile; fileRef = 7E2EE5371399CD98009375CA /* FinderPatternFinder.cpp */; };
		7E2EE53F1399CD98009375CA /* FinderPatternInfo.cpp in Sources */ = {isa = PBXBuildFile; fileRef = 7E2EE5381399CD98009375CA /* FinderPatternInfo.cpp */; };
		7E2EE5401399CD98009375CA /* QREdgeDetector.cpp in Sources */ = {isa = PBXBuildFile; fileRef = 7E2EE5391399CD98009375CA /* QREdgeDetector.cpp */; };
		7E2EE5451399CDBA009375CA /* ErrorCorrectionLevel.cpp in Sources */ = {isa = PBXBuildFile; fileRef = 7E2EE5411399CDBA009375CA /* ErrorCorrectionLevel.cpp */; };
		7E2EE5461399CDBA009375CA /* FormatInformation.cpp in Sources */ = {isa = PBXBuildFile; fileRef = 7E2EE5421399CDBA009375CA /* FormatInformation.cpp */; };
		7E2EE5471399CDBA009375CA /* QRCodeReader.cpp in Sources */ = {isa = PBXBuildFile; fileRef = 7E2EE5431399CDBA009375CA /* QRCodeReader.cpp */; };
		7E2EE5481399CDBA009375CA /* Version.cpp in Sources */ = {isa = PBXBuildFile; fileRef = 7E2EE5441399CDBA009375CA /* Version.cpp */; };
		7E33766D139A990400D2CB39 /* MultiFormatReader.cpp in Sources */ = {isa = PBXBuildFile; fileRef = 7E33766C139A990400D2CB39 /* MultiFormatReader.cpp */; };
		7E680927139AC12A008D6136 /* Code39Reader.cpp in Sources */ = {isa = PBXBuildFile; fileRef = 7E68091B139AC12A008D6136 /* Code39Reader.cpp */; };
		7E680928139AC12A008D6136 /* Code128Reader.cpp in Sources */ = {isa = PBXBuildFile; fileRef = 7E68091C139AC12A008D6136 /* Code128Reader.cpp */; };
		7E680929139AC12A008D6136 /* EAN8Reader.cpp in Sources */ = {isa = PBXBuildFile; fileRef = 7E68091D139AC12A008D6136 /* EAN8Reader.cpp */; };
		7E68092A139AC12A008D6136 /* EAN13Reader.cpp in Sources */ = {isa = PBXBuildFile; fileRef = 7E68091E139AC12A008D6136 /* EAN13Reader.cpp */; };
		7E68092B139AC12A008D6136 /* ITFReader.cpp in Sources */ = {isa = PBXBuildFile; fileRef = 7E68091F139AC12A008D6136 /* ITFReader.cpp */; };
		7E68092C139AC12A008D6136 /* MultiFormatOneDReader.cpp in Sources */ = {isa = PBXBuildFile; fileRef = 7E680920139AC12A008D6136 /* MultiFormatOneDReader.cpp */; };
		7E68092D139AC12A008D6136 /* MultiFormatUPCEANReader.cpp in Sources */ = {isa = PBXBuildFile; fileRef = 7E680921139AC12A008D6136 /* MultiFormatUPCEANReader.cpp */; };
		7E68092E139AC12A008D6136 /* OneDReader.cpp in Sources */ = {isa = PBXBuildFile; fileRef = 7E680922139AC12A008D6136 /* OneDReader.cpp */; };
		7E68092F139AC12A008D6136 /* OneDResultPoint.cpp in Sources */ = {isa = PBXBuildFile; fileRef = 7E680923139AC12A008D6136 /* OneDResultPoint.cpp */; };
		7E680930139AC12A008D6136 /* UPCAReader.cpp in Sources */ = {isa = PBXBuildFile; fileRef = 7E680924139AC12A008D6136 /* UPCAReader.cpp */; };
		7E680931139AC12A008D6136 /* UPCEANReader.cpp in Sources */ = {isa = PBXBuildFile; fileRef = 7E680925139AC12A008D6136 /* UPCEANReader.cpp */; };
		7E680932139AC12A008D6136 /* UPCEReader.cpp in Sources */ = {isa = PBXBuildFile; fileRef = 7E680926139AC12A008D6136 /* UPCEReader.cpp */; };
		7EB1F36C13997BFA00878B57 /* Cocoa.framework in Frameworks */ = {isa = PBXBuildFile; fileRef = 7EB1F36B13997BFA00878B57 /* Cocoa.framework */; };
/* End PBXBuildFile section */

/* Begin PBXFileReference section */
		7E2EE4A81399C49D009375CA /* libiconv.dylib */ = {isa = PBXFileReference; lastKnownFileType = "compiled.mach-o.dylib"; name = libiconv.dylib; path = usr/lib/libiconv.dylib; sourceTree = SDKROOT; };
		7E2EE4A91399C49D009375CA /* QTKit.framework */ = {isa = PBXFileReference; lastKnownFileType = wrapper.framework; name = QTKit.framework; path = System/Library/Frameworks/QTKit.framework; sourceTree = SDKROOT; };
		7E2EE4AA1399C49D009375CA /* QuartzCore.framework */ = {isa = PBXFileReference; lastKnownFileType = wrapper.framework; name = QuartzCore.framework; path = System/Library/Frameworks/QuartzCore.framework; sourceTree = SDKROOT; };
		7E2EE4BD1399CC8B009375CA /* BarcodeFormat.cpp */ = {isa = PBXFileReference; fileEncoding = 4; lastKnownFileType = sourcecode.cpp.cpp; name = BarcodeFormat.cpp; path = ../../../cpp/core/src/ZXing/BarcodeFormat.cpp; sourceTree = "<group>"; };
		7E2EE4BE1399CC8B009375CA /* Binarizer.cpp */ = {isa = PBXFileReference; fileEncoding = 4; lastKnownFileType = sourcecode.cpp.cpp; name = Binarizer.cpp; path = ../../../cpp/core/src/ZXing/Binarizer.cpp; sourceTree = "<group>"; };
		7E2EE4BF1399CC8B009375CA /* BinaryBitmap.cpp */ = {isa = PBXFileReference; fileEncoding = 4; lastKnownFileType = sourcecode.cpp.cpp; name = BinaryBitmap.cpp; path = ../../../cpp/core/src/ZXing/BinaryBitmap.cpp; sourceTree = "<group>"; };
		7E2EE4C01399CC8B009375CA /* DecodeHints.cpp */ = {isa = PBXFileReference; fileEncoding = 4; lastKnownFileType = sourcecode.cpp.cpp; name = DecodeHints.cpp; path = ../../../cpp/core/src/ZXing/DecodeHints.cpp; sourceTree = "<group>"; };
		7E2EE4C11399CC8B009375CA /* Exception.cpp */ = {isa = PBXFileReference; fileEncoding = 4; lastKnownFileType = sourcecode.cpp.cpp; name = Exception.cpp; path = ../../../cpp/core/src/ZXing/Exception.cpp; sourceTree = "<group>"; };
		7E2EE4C21399CC8B009375CA /* LuminanceSource.cpp */ = {isa = PBXFileReference; fileEncoding = 4; lastKnownFileType = sourcecode.cpp.cpp; name = LuminanceSource.cpp; path = ../../../cpp/core/src/ZXing/LuminanceSource.cpp; sourceTree = "<group>"; };
		7E2EE4C41399CC8B009375CA /* Reader.cpp */ = {isa = PBXFileReference; fileEncoding = 4; lastKnownFileType = sourcecode.cpp.cpp; name = Reader.cpp; path = ../../../cpp/core/src/ZXing/Reader.cpp; sourceTree = "<group>"; };
		7E2EE4C51399CC8B009375CA /* ReaderException.cpp */ = {isa = PBXFileReference; fileEncoding = 4; lastKnownFileType = sourcecode.cpp.cpp; name = ReaderException.cpp; path = ../../../cpp/core/src/ZXing/ReaderException.cpp; sourceTree = "<group>"; };
		7E2EE4C61399CC8B009375CA /* Result.cpp */ = {isa = PBXFileReference; fileEncoding = 4; lastKnownFileType = sourcecode.cpp.cpp; name = Result.cpp; path = ../../../cpp/core/src/ZXing/Result.cpp; sourceTree = "<group>"; };
		7E2EE4C71399CC8B009375CA /* ResultPoint.cpp */ = {isa = PBXFileReference; fileEncoding = 4; lastKnownFileType = sourcecode.cpp.cpp; name = ResultPoint.cpp; path = ../../../cpp/core/src/ZXing/ResultPoint.cpp; sourceTree = "<group>"; };
		7E2EE4C81399CC8B009375CA /* ResultPointCallback.cpp */ = {isa = PBXFileReference; fileEncoding = 4; lastKnownFileType = sourcecode.cpp.cpp; name = ResultPointCallback.cpp; path = ../../../cpp/core/src/ZXing/ResultPointCallback.cpp; sourceTree = "<group>"; };
		7E2EE4D51399CCC0009375CA /* Array.cpp */ = {isa = PBXFileReference; fileEncoding = 4; lastKnownFileType = sourcecode.cpp.cpp; name = Array.cpp; path = ../../../cpp/core/src/ZXing/common/Array.cpp; sourceTree = "<group>"; };
		7E2EE4D61399CCC0009375CA /* BitArray.cpp */ = {isa = PBXFileReference; fileEncoding = 4; lastKnownFileType = sourcecode.cpp.cpp; name = BitArray.cpp; path = ../../../cpp/core/src/ZXing/common/BitArray.cpp; sourceTree = "<group>"; };
		7E2EE4D71399CCC0009375CA /* BitMatrix.cpp */ = {isa = PBXFileReference; fileEncoding = 4; lastKnownFileType = sourcecode.cpp.cpp; name = BitMatrix.cpp; path = ../../../cpp/core/src/ZXing/common/BitMatrix.cpp; sourceTree = "<group>"; };
		7E2EE4D81399CCC0009375CA /* BitSource.cpp */ = {isa = PBXFileReference; fileEncoding = 4; lastKnownFileType = sourcecode.cpp.cpp; name = BitSource.cpp; path = ../../../cpp/core/src/ZXing/common/BitSource.cpp; sourceTree = "<group>"; };
		7E2EE4D91399CCC0009375CA /* Counted.cpp */ = {isa = PBXFileReference; fileEncoding = 4; lastKnownFileType = sourcecode.cpp.cpp; name = Counted.cpp; path = ../../../cpp/core/src/ZXing/common/Counted.cpp; sourceTree = "<group>"; };
		7E2EE4DA1399CCC0009375CA /* DecoderResult.cpp */ = {isa = PBXFileReference; fileEncoding = 4; lastKnownFileType = sourcecode.cpp.cpp; name = DecoderResult.cpp; path = ../../../cpp/core/src/ZXing/common/DecoderResult.cpp; sourceTree = "<group>"; };
		7E2EE4DB1399CCC0009375CA /* DetectorResult.cpp */ = {isa = PBXFileReference; fileEncoding = 4; lastKnownFileType = sourcecode.cpp.cpp; name = DetectorResult.cpp; path = ../../../cpp/core/src/ZXing/common/DetectorResult.cpp; sourceTree = "<group>"; };
		7E2EE4DC1399CCC0009375CA /* EdgeDetector.cpp */ = {isa = PBXFileReference; fileEncoding = 4; lastKnownFileType = sourcecode.cpp.cpp; name = EdgeDetector.cpp; path = ../../../cpp/core/src/ZXing/common/EdgeDetector.cpp; sourceTree = "<group>"; };
		7E2EE4DD1399CCC0009375CA /* GlobalHistogramBinarizer.cpp */ = {isa = PBXFileReference; fileEncoding = 4; lastKnownFileType = sourcecode.cpp.cpp; name = GlobalHistogramBinarizer.cpp; path = ../../../cpp/core/src/ZXing/common/GlobalHistogramBinarizer.cpp; sourceTree = "<group>"; };
		7E2EE4DE1399CCC0009375CA /* GreyscaleLuminanceSource.cpp */ = {isa = PBXFileReference; fileEncoding = 4; lastKnownFileType = sourcecode.cpp.cpp; name = GreyscaleLuminanceSource.cpp; path = ../../../cpp/core/src/ZXing/common/GreyscaleLuminanceSource.cpp; sourceTree = "<group>"; };
		7E2EE4DF1399CCC0009375CA /* GreyscaleRotatedLuminanceSource.cpp */ = {isa = PBXFileReference; fileEncoding = 4; lastKnownFileType = sourcecode.cpp.cpp; name = GreyscaleRotatedLuminanceSource.cpp; path = ../../../cpp/core/src/ZXing/common/GreyscaleRotatedLuminanceSource.cpp; sourceTree = "<group>"; };
		7E2EE4E01399CCC0009375CA /* GridSampler.cpp */ = {isa = PBXFileReference; fileEncoding = 4; lastKnownFileType = sourcecode.cpp.cpp; name = GridSampler.cpp; path = ../../../cpp/core/src/ZXing/common/GridSampler.cpp; sourceTree = "<group>"; };
		7E2EE4E11399CCC0009375CA /* HybridBinarizer.cpp */ = {isa = PBXFileReference; fileEncoding = 4; lastKnownFileType = sourcecode.cpp.cpp; name = HybridBinarizer.cpp; path = ../../../cpp/core/src/ZXing/common/HybridBinarizer.cpp; sourceTree = "<group>"; };
		7E2EE4E21399CCC0009375CA /* IllegalArgumentException.cpp */ = {isa = PBXFileReference; fileEncoding = 4; lastKnownFileType = sourcecode.cpp.cpp; name = IllegalArgumentException.cpp; path = ../../../cpp/core/src/ZXing/common/IllegalArgumentException.cpp; sourceTree = "<group>"; };
		7E2EE4E31399CCC0009375CA /* PerspectiveTransform.cpp */ = {isa = PBXFileReference; fileEncoding = 4; lastKnownFileType = sourcecode.cpp.cpp; name = PerspectiveTransform.cpp; path = ../../../cpp/core/src/ZXing/common/PerspectiveTransform.cpp; sourceTree = "<group>"; };
		7E2EE4E41399CCC0009375CA /* Str.cpp */ = {isa = PBXFileReference; fileEncoding = 4; lastKnownFileType = sourcecode.cpp.cpp; name = Str.cpp; path = ../../../cpp/core/src/ZXing/common/Str.cpp; sourceTree = "<group>"; };
		7E2EE4F51399CCD8009375CA /* DataMatrixReader.cpp */ = {isa = PBXFileReference; fileEncoding = 4; lastKnownFileType = sourcecode.cpp.cpp; name = DataMatrixReader.cpp; path = ../../../cpp/core/src/ZXing/datamatrix/DataMatrixReader.cpp; sourceTree = "<group>"; };
		7E2EE4F61399CCD8009375CA /* Version.cpp */ = {isa = PBXFileReference; fileEncoding = 4; lastKnownFileType = sourcecode.cpp.cpp; name = Version.cpp; path = ../../../cpp/core/src/ZXing/datamatrix/Version.cpp; sourceTree = "<group>"; };
		7E2EE4F91399CCF5009375CA /* GF256.cpp */ = {isa = PBXFileReference; fileEncoding = 4; lastKnownFileType = sourcecode.cpp.cpp; name = GF256.cpp; path = ../../../cpp/core/src/ZXing/common/reedsolomon/GF256.cpp; sourceTree = "<group>"; };
		7E2EE4FA1399CCF5009375CA /* GF256Poly.cpp */ = {isa = PBXFileReference; fileEncoding = 4; lastKnownFileType = sourcecode.cpp.cpp; name = GF256Poly.cpp; path = ../../../cpp/core/src/ZXing/common/reedsolomon/GF256Poly.cpp; sourceTree = "<group>"; };
		7E2EE4FB1399CCF5009375CA /* ReedSolomonDecoder.cpp */ = {isa = PBXFileReference; fileEncoding = 4; lastKnownFileType = sourcecode.cpp.cpp; name = ReedSolomonDecoder.cpp; path = ../../../cpp/core/src/ZXing/common/reedsolomon/ReedSolomonDecoder.cpp; sourceTree = "<group>"; };
		7E2EE4FC1399CCF5009375CA /* ReedSolomonException.cpp */ = {isa = PBXFileReference; fileEncoding = 4; lastKnownFileType = sourcecode.cpp.cpp; name = ReedSolomonException.cpp; path = ../../../cpp/core/src/ZXing/common/reedsolomon/ReedSolomonException.cpp; sourceTree = "<group>"; };
		7E2EE5011399CD14009375CA /* BitMatrixParser.cpp */ = {isa = PBXFileReference; fileEncoding = 4; lastKnownFileType = sourcecode.cpp.cpp; name = BitMatrixParser.cpp; path = ../../../cpp/core/src/ZXing/datamatrix/decoder/BitMatrixParser.cpp; sourceTree = "<group>"; };
		7E2EE5021399CD14009375CA /* DataBlock.cpp */ = {isa = PBXFileReference; fileEncoding = 4; lastKnownFileType = sourcecode.cpp.cpp; name = DataBlock.cpp; path = ../../../cpp/core/src/ZXing/datamatrix/decoder/DataBlock.cpp; sourceTree = "<group>"; };
		7E2EE5031399CD14009375CA /* DecodedBitStreamParser.cpp */ = {isa = PBXFileReference; fileEncoding = 4; lastKnownFileType = sourcecode.cpp.cpp; name = DecodedBitStreamParser.cpp; path = ../../../cpp/core/src/ZXing/datamatrix/decoder/DecodedBitStreamParser.cpp; sourceTree = "<group>"; };
		7E2EE5041399CD14009375CA /* Decoder.cpp */ = {isa = PBXFileReference; fileEncoding = 4; lastKnownFileType = sourcecode.cpp.cpp; name = Decoder.cpp; path = ../../../cpp/core/src/ZXing/datamatrix/decoder/Decoder.cpp; sourceTree = "<group>"; };
		7E2EE5091399CD34009375CA /* CornerPoint.cpp */ = {isa = PBXFileReference; fileEncoding = 4; lastKnownFileType = sourcecode.cpp.cpp; name = CornerPoint.cpp; path = ../../../cpp/core/src/ZXing/datamatrix/detector/CornerPoint.cpp; sourceTree = "<group>"; };
		7E2EE50A1399CD34009375CA /* Detector.cpp */ = {isa = PBXFileReference; fileEncoding = 4; lastKnownFileType = sourcecode.cpp.cpp; name = Detector.cpp; path = ../../../cpp/core/src/ZXing/datamatrix/detector/Detector.cpp; sourceTree = "<group>"; };
		7E2EE50B1399CD34009375CA /* MonochromeRectangleDetector.cpp */ = {isa = PBXFileReference; fileEncoding = 4; lastKnownFileType = sourcecode.cpp.cpp; name = MonochromeRectangleDetector.cpp; path = ../../../cpp/core/src/ZXing/datamatrix/detector/MonochromeRectangleDetector.cpp; sourceTree = "<group>"; };
		7E2EE50F1399CD5A009375CA /* Code39Reader.cpp */ = {isa = PBXFileReference; fileEncoding = 4; lastKnownFileType = sourcecode.cpp.cpp; name = Code39Reader.cpp; path = ../../../cpp/core/src/ZXing/oned/Code39Reader.cpp; sourceTree = "<group>"; };
		7E2EE5271399CD81009375CA /* BitMatrixParser.cpp */ = {isa = PBXFileReference; fileEncoding = 4; lastKnownFileType = sourcecode.cpp.cpp; name = BitMatrixParser.cpp; path = ../../../cpp/core/src/ZXing/qrcode/decoder/BitMatrixParser.cpp; sourceTree = "<group>"; };
		7E2EE5281399CD81009375CA /* DataBlock.cpp */ = {isa = PBXFileReference; fileEncoding = 4; lastKnownFileType = sourcecode.cpp.cpp; name = DataBlock.cpp; path = ../../../cpp/core/src/ZXing/qrcode/decoder/DataBlock.cpp; sourceTree = "<group>"; };
		7E2EE5291399CD81009375CA /* DataMask.cpp */ = {isa = PBXFileReference; fileEncoding = 4; lastKnownFileType = sourcecode.cpp.cpp; name = DataMask.cpp; path = ../../../cpp/core/src/ZXing/qrcode/decoder/DataMask.cpp; sourceTree = "<group>"; };
		7E2EE52A1399CD81009375CA /* DecodedBitStreamParser.cpp */ = {isa = PBXFileReference; fileEncoding = 4; lastKnownFileType = sourcecode.cpp.cpp; name = DecodedBitStreamParser.cpp; path = ../../../cpp/core/src/ZXing/qrcode/decoder/DecodedBitStreamParser.cpp; sourceTree = "<group>"; };
		7E2EE52B1399CD81009375CA /* Decoder.cpp */ = {isa = PBXFileReference; fileEncoding = 4; lastKnownFileType = sourcecode.cpp.cpp; name = Decoder.cpp; path = ../../../cpp/core/src/ZXing/qrcode/decoder/Decoder.cpp; sourceTree = "<group>"; };
		7E2EE52C1399CD81009375CA /* Mode.cpp */ = {isa = PBXFileReference; fileEncoding = 4; lastKnownFileType = sourcecode.cpp.cpp; name = Mode.cpp; path = ../../../cpp/core/src/ZXing/qrcode/decoder/Mode.cpp; sourceTree = "<group>"; };
		7E2EE5331399CD98009375CA /* AlignmentPattern.cpp */ = {isa = PBXFileReference; fileEncoding = 4; lastKnownFileType = sourcecode.cpp.cpp; name = AlignmentPattern.cpp; path = ../../../cpp/core/src/ZXing/qrcode/detector/AlignmentPattern.cpp; sourceTree = "<group>"; };
		7E2EE5341399CD98009375CA /* AlignmentPatternFinder.cpp */ = {isa = PBXFileReference; fileEncoding = 4; lastKnownFileType = sourcecode.cpp.cpp; name = AlignmentPatternFinder.cpp; path = ../../../cpp/core/src/ZXing/qrcode/detector/AlignmentPatternFinder.cpp; sourceTree = "<group>"; };
		7E2EE5351399CD98009375CA /* Detector.cpp */ = {isa = PBXFileReference; fileEncoding = 4; lastKnownFileType = sourcecode.cpp.cpp; name = Detector.cpp; path = ../../../cpp/core/src/ZXing/qrcode/detector/Detector.cpp; sourceTree = "<group>"; };
		7E2EE5361399CD98009375CA /* FinderPattern.cpp */ = {isa = PBXFileReference; fileEncoding = 4; lastKnownFileType = sourcecode.cpp.cpp; name = FinderPattern.cpp; path = ../../../cpp/core/src/ZXing/qrcode/detector/FinderPattern.cpp; sourceTree = "<group>"; };
		7E2EE5371399CD98009375CA /* FinderPatternFinder.cpp */ = {isa = PBXFileReference; fileEncoding = 4; lastKnownFileType = sourcecode.cpp.cpp; name = FinderPatternFinder.cpp; path = ../../../cpp/core/src/ZXing/qrcode/detector/FinderPatternFinder.cpp; sourceTree = "<group>"; };
		7E2EE5381399CD98009375CA /* FinderPatternInfo.cpp */ = {isa = PBXFileReference; fileEncoding = 4; lastKnownFileType = sourcecode.cpp.cpp; name = FinderPatternInfo.cpp; path = ../../../cpp/core/src/ZXing/qrcode/detector/FinderPatternInfo.cpp; sourceTree = "<group>"; };
		7E2EE5391399CD98009375CA /* QREdgeDetector.cpp */ = {isa = PBXFileReference; fileEncoding = 4; lastKnownFileType = sourcecode.cpp.cpp; name = QREdgeDetector.cpp; path = ../../../cpp/core/src/ZXing/qrcode/detector/QREdgeDetector.cpp; sourceTree = "<group>"; };
		7E2EE5411399CDBA009375CA /* ErrorCorrectionLevel.cpp */ = {isa = PBXFileReference; fileEncoding = 4; lastKnownFileType = sourcecode.cpp.cpp; name = ErrorCorrectionLevel.cpp; path = ../../../cpp/core/src/ZXing/qrcode/ErrorCorrectionLevel.cpp; sourceTree = "<group>"; };
		7E2EE5421399CDBA009375CA /* FormatInformation.cpp */ = {isa = PBXFileReference; fileEncoding = 4; lastKnownFileType = sourcecode.cpp.cpp; name = FormatInformation.cpp; path = ../../../cpp/core/src/ZXing/qrcode/FormatInformation.cpp; sourceTree = "<group>"; };
		7E2EE5431399CDBA009375CA /* QRCodeReader.cpp */ = {isa = PBXFileReference; fileEncoding = 4; lastKnownFileType = sourcecode.cpp.cpp; name = QRCodeReader.cpp; path = ../../../cpp/core/src/ZXing/qrcode/QRCodeReader.cpp; sourceTree = "<group>"; };
		7E2EE5441399CDBA009375CA /* Version.cpp */ = {isa = PBXFileReference; fileEncoding = 4; lastKnownFileType = sourcecode.cpp.cpp; name = Version.cpp; path = ../../../cpp/core/src/ZXing/qrcode/Version.cpp; sourceTree = "<group>"; };
		7E33766C139A990400D2CB39 /* MultiFormatReader.cpp */ = {isa = PBXFileReference; fileEncoding = 4; lastKnownFileType = sourcecode.cpp.cpp; name = MultiFormatReader.cpp; path = ../../../cpp/core/src/ZXing/MultiFormatReader.cpp; sourceTree = "<group>"; };
		7E68091B139AC12A008D6136 /* Code39Reader.cpp */ = {isa = PBXFileReference; fileEncoding = 4; lastKnownFileType = sourcecode.cpp.cpp; name = Code39Reader.cpp; path = ../../../cpp/core/src/ZXing/oned/Code39Reader.cpp; sourceTree = "<group>"; };
		7E68091C139AC12A008D6136 /* Code128Reader.cpp */ = {isa = PBXFileReference; fileEncoding = 4; lastKnownFileType = sourcecode.cpp.cpp; name = Code128Reader.cpp; path = ../../../cpp/core/src/ZXing/oned/Code128Reader.cpp; sourceTree = "<group>"; };
		7E68091D139AC12A008D6136 /* EAN8Reader.cpp */ = {isa = PBXFileReference; fileEncoding = 4; lastKnownFileType = sourcecode.cpp.cpp; name = EAN8Reader.cpp; path = ../../../cpp/core/src/ZXing/oned/EAN8Reader.cpp; sourceTree = "<group>"; };
		7E68091E139AC12A008D6136 /* EAN13Reader.cpp */ = {isa = PBXFileReference; fileEncoding = 4; lastKnownFileType = sourcecode.cpp.cpp; name = EAN13Reader.cpp; path = ../../../cpp/core/src/ZXing/oned/EAN13Reader.cpp; sourceTree = "<group>"; };
		7E68091F139AC12A008D6136 /* ITFReader.cpp */ = {isa = PBXFileReference; fileEncoding = 4; lastKnownFileType = sourcecode.cpp.cpp; name = ITFReader.cpp; path = ../../../cpp/core/src/ZXing/oned/ITFReader.cpp; sourceTree = "<group>"; };
		7E680920139AC12A008D6136 /* MultiFormatOneDReader.cpp */ = {isa = PBXFileReference; fileEncoding = 4; lastKnownFileType = sourcecode.cpp.cpp; name = MultiFormatOneDReader.cpp; path = ../../../cpp/core/src/ZXing/oned/MultiFormatOneDReader.cpp; sourceTree = "<group>"; };
		7E680921139AC12A008D6136 /* MultiFormatUPCEANReader.cpp */ = {isa = PBXFileReference; fileEncoding = 4; lastKnownFileType = sourcecode.cpp.cpp; name = MultiFormatUPCEANReader.cpp; path = ../../../cpp/core/src/ZXing/oned/MultiFormatUPCEANReader.cpp; sourceTree = "<group>"; };
		7E680922139AC12A008D6136 /* OneDReader.cpp */ = {isa = PBXFileReference; fileEncoding = 4; lastKnownFileType = sourcecode.cpp.cpp; name = OneDReader.cpp; path = ../../../cpp/core/src/ZXing/oned/OneDReader.cpp; sourceTree = "<group>"; };
		7E680923139AC12A008D6136 /* OneDResultPoint.cpp */ = {isa = PBXFileReference; fileEncoding = 4; lastKnownFileType = sourcecode.cpp.cpp; name = OneDResultPoint.cpp; path = ../../../cpp/core/src/ZXing/oned/OneDResultPoint.cpp; sourceTree = "<group>"; };
		7E680924139AC12A008D6136 /* UPCAReader.cpp */ = {isa = PBXFileReference; fileEncoding = 4; lastKnownFileType = sourcecode.cpp.cpp; name = UPCAReader.cpp; path = ../../../cpp/core/src/ZXing/oned/UPCAReader.cpp; sourceTree = "<group>"; };
		7E680925139AC12A008D6136 /* UPCEANReader.cpp */ = {isa = PBXFileReference; fileEncoding = 4; lastKnownFileType = sourcecode.cpp.cpp; name = UPCEANReader.cpp; path = ../../../cpp/core/src/ZXing/oned/UPCEANReader.cpp; sourceTree = "<group>"; };
		7E680926139AC12A008D6136 /* UPCEReader.cpp */ = {isa = PBXFileReference; fileEncoding = 4; lastKnownFileType = sourcecode.cpp.cpp; name = UPCEReader.cpp; path = ../../../cpp/core/src/ZXing/oned/UPCEReader.cpp; sourceTree = "<group>"; };
		7EB1F36813997BFA00878B57 /* libZXing.a */ = {isa = PBXFileReference; explicitFileType = archive.ar; includeInIndex = 0; path = libZXing.a; sourceTree = BUILT_PRODUCTS_DIR; };
		7EB1F36B13997BFA00878B57 /* Cocoa.framework */ = {isa = PBXFileReference; lastKnownFileType = wrapper.framework; name = Cocoa.framework; path = System/Library/Frameworks/Cocoa.framework; sourceTree = SDKROOT; };
		7EB1F36E13997BFA00878B57 /* AppKit.framework */ = {isa = PBXFileReference; lastKnownFileType = wrapper.framework; name = AppKit.framework; path = System/Library/Frameworks/AppKit.framework; sourceTree = SDKROOT; };
		7EB1F36F13997BFA00878B57 /* CoreData.framework */ = {isa = PBXFileReference; lastKnownFileType = wrapper.framework; name = CoreData.framework; path = System/Library/Frameworks/CoreData.framework; sourceTree = SDKROOT; };
		7EB1F37013997BFA00878B57 /* Foundation.framework */ = {isa = PBXFileReference; lastKnownFileType = wrapper.framework; name = Foundation.framework; path = System/Library/Frameworks/Foundation.framework; sourceTree = SDKROOT; };
		7EB1F37313997BFA00878B57 /* ZXingLib-Prefix.pch */ = {isa = PBXFileReference; lastKnownFileType = sourcecode.c.h; path = "ZXingLib-Prefix.pch"; sourceTree = "<group>"; };
/* End PBXFileReference section */

/* Begin PBXFrameworksBuildPhase section */
		7EB1F36513997BFA00878B57 /* Frameworks */ = {
			isa = PBXFrameworksBuildPhase;
			buildActionMask = 2147483647;
			files = (
				7E2EE4AC1399C49D009375CA /* QTKit.framework in Frameworks */,
				7E2EE4AD1399C49D009375CA /* QuartzCore.framework in Frameworks */,
				7EB1F36C13997BFA00878B57 /* Cocoa.framework in Frameworks */,
				7E2EE4AB1399C49D009375CA /* libiconv.dylib in Frameworks */,
			);
			runOnlyForDeploymentPostprocessing = 0;
		};
/* End PBXFrameworksBuildPhase section */

/* Begin PBXGroup section */
		7E68091A139AC0FC008D6136 /* One-D */ = {
			isa = PBXGroup;
			children = (
				7E68091B139AC12A008D6136 /* Code39Reader.cpp */,
				7E68091C139AC12A008D6136 /* Code128Reader.cpp */,
				7E68091D139AC12A008D6136 /* EAN8Reader.cpp */,
				7E68091E139AC12A008D6136 /* EAN13Reader.cpp */,
				7E68091F139AC12A008D6136 /* ITFReader.cpp */,
				7E680920139AC12A008D6136 /* MultiFormatOneDReader.cpp */,
				7E680921139AC12A008D6136 /* MultiFormatUPCEANReader.cpp */,
				7E680922139AC12A008D6136 /* OneDReader.cpp */,
				7E680923139AC12A008D6136 /* OneDResultPoint.cpp */,
				7E680924139AC12A008D6136 /* UPCAReader.cpp */,
				7E680925139AC12A008D6136 /* UPCEANReader.cpp */,
				7E680926139AC12A008D6136 /* UPCEReader.cpp */,
			);
			name = "One-D";
			sourceTree = "<group>";
		};
		7EB1F35D13997BFA00878B57 = {
			isa = PBXGroup;
			children = (
				7EB1F37113997BFA00878B57 /* ZXingLib */,
				7EB1F36A13997BFA00878B57 /* Frameworks */,
				7EB1F36913997BFA00878B57 /* Products */,
			);
			sourceTree = "<group>";
		};
		7EB1F36913997BFA00878B57 /* Products */ = {
			isa = PBXGroup;
			children = (
				7EB1F36813997BFA00878B57 /* libZXing.a */,
			);
			name = Products;
			sourceTree = "<group>";
		};
		7EB1F36A13997BFA00878B57 /* Frameworks */ = {
			isa = PBXGroup;
			children = (
				7EB1F36B13997BFA00878B57 /* Cocoa.framework */,
				7EB1F36D13997BFA00878B57 /* Other Frameworks */,
			);
			name = Frameworks;
			sourceTree = "<group>";
		};
		7EB1F36D13997BFA00878B57 /* Other Frameworks */ = {
			isa = PBXGroup;
			children = (
				7EB1F36E13997BFA00878B57 /* AppKit.framework */,
				7E2EE4A91399C49D009375CA /* QTKit.framework */,
				7E2EE4AA1399C49D009375CA /* QuartzCore.framework */,
				7EB1F36F13997BFA00878B57 /* CoreData.framework */,
				7EB1F37013997BFA00878B57 /* Foundation.framework */,
				7E2EE4A81399C49D009375CA /* libiconv.dylib */,
			);
			name = "Other Frameworks";
			sourceTree = "<group>";
		};
		7EB1F37113997BFA00878B57 /* ZXingLib */ = {
			isa = PBXGroup;
			children = (
				7E68091A139AC0FC008D6136 /* One-D */,
				7E2EE5331399CD98009375CA /* AlignmentPattern.cpp */,
				7E2EE5341399CD98009375CA /* AlignmentPatternFinder.cpp */,
				7E2EE4D51399CCC0009375CA /* Array.cpp */,
				7E2EE4BD1399CC8B009375CA /* BarcodeFormat.cpp */,
				7E2EE4BE1399CC8B009375CA /* Binarizer.cpp */,
				7E2EE4BF1399CC8B009375CA /* BinaryBitmap.cpp */,
				7E2EE4D61399CCC0009375CA /* BitArray.cpp */,
				7E2EE4D71399CCC0009375CA /* BitMatrix.cpp */,
				7E2EE5271399CD81009375CA /* BitMatrixParser.cpp */,
				7E2EE5011399CD14009375CA /* BitMatrixParser.cpp */,
				7E2EE4D81399CCC0009375CA /* BitSource.cpp */,
				7E2EE50F1399CD5A009375CA /* Code39Reader.cpp */,
				7E2EE5091399CD34009375CA /* CornerPoint.cpp */,
				7E2EE4D91399CCC0009375CA /* Counted.cpp */,
				7E2EE5281399CD81009375CA /* DataBlock.cpp */,
				7E2EE5021399CD14009375CA /* DataBlock.cpp */,
				7E2EE4F51399CCD8009375CA /* DataMatrixReader.cpp */,
				7E2EE5291399CD81009375CA /* DataMask.cpp */,
				7E2EE52A1399CD81009375CA /* DecodedBitStreamParser.cpp */,
				7E2EE5031399CD14009375CA /* DecodedBitStreamParser.cpp */,
				7E2EE4C01399CC8B009375CA /* DecodeHints.cpp */,
				7E2EE52B1399CD81009375CA /* Decoder.cpp */,
				7E2EE5041399CD14009375CA /* Decoder.cpp */,
				7E2EE4DA1399CCC0009375CA /* DecoderResult.cpp */,
				7E2EE5351399CD98009375CA /* Detector.cpp */,
				7E2EE50A1399CD34009375CA /* Detector.cpp */,
				7E2EE4DB1399CCC0009375CA /* DetectorResult.cpp */,
				7E2EE4DC1399CCC0009375CA /* EdgeDetector.cpp */,
				7E2EE4C11399CC8B009375CA /* Exception.cpp */,
				7E2EE5361399CD98009375CA /* FinderPattern.cpp */,
				7E2EE5371399CD98009375CA /* FinderPatternFinder.cpp */,
				7E2EE5381399CD98009375CA /* FinderPatternInfo.cpp */,
				7E2EE5411399CDBA009375CA /* ErrorCorrectionLevel.cpp */,
				7E2EE5421399CDBA009375CA /* FormatInformation.cpp */,
				7E2EE4F91399CCF5009375CA /* GF256.cpp */,
				7E2EE4FA1399CCF5009375CA /* GF256Poly.cpp */,
				7E2EE4DD1399CCC0009375CA /* GlobalHistogramBinarizer.cpp */,
				7E2EE4DE1399CCC0009375CA /* GreyscaleLuminanceSource.cpp */,
				7E2EE4DF1399CCC0009375CA /* GreyscaleRotatedLuminanceSource.cpp */,
				7E2EE4E01399CCC0009375CA /* GridSampler.cpp */,
				7E2EE4E11399CCC0009375CA /* HybridBinarizer.cpp */,
				7E2EE4E21399CCC0009375CA /* IllegalArgumentException.cpp */,
				7E2EE4C21399CC8B009375CA /* LuminanceSource.cpp */,
				7E2EE52C1399CD81009375CA /* Mode.cpp */,
				7E2EE50B1399CD34009375CA /* MonochromeRectangleDetector.cpp */,
				7E33766C139A990400D2CB39 /* MultiFormatReader.cpp */,
				7E2EE4E31399CCC0009375CA /* PerspectiveTransform.cpp */,
				7E2EE5431399CDBA009375CA /* QRCodeReader.cpp */,
				7E2EE5391399CD98009375CA /* QREdgeDetector.cpp */,
				7E2EE4C41399CC8B009375CA /* Reader.cpp */,
				7E2EE4C51399CC8B009375CA /* ReaderException.cpp */,
				7E2EE4FB1399CCF5009375CA /* ReedSolomonDecoder.cpp */,
				7E2EE4FC1399CCF5009375CA /* ReedSolomonException.cpp */,
				7E2EE4C61399CC8B009375CA /* Result.cpp */,
				7E2EE4C71399CC8B009375CA /* ResultPoint.cpp */,
				7E2EE4C81399CC8B009375CA /* ResultPointCallback.cpp */,
				7E2EE4E41399CCC0009375CA /* Str.cpp */,
				7E2EE5441399CDBA009375CA /* Version.cpp */,
				7E2EE4F61399CCD8009375CA /* Version.cpp */,
				7EB1F37213997BFA00878B57 /* Supporting Files */,
			);
			path = ZXingLib;
			sourceTree = "<group>";
		};
		7EB1F37213997BFA00878B57 /* Supporting Files */ = {
			isa = PBXGroup;
			children = (
				7EB1F37313997BFA00878B57 /* ZXingLib-Prefix.pch */,
			);
			name = "Supporting Files";
			sourceTree = "<group>";
		};
/* End PBXGroup section */

/* Begin PBXHeadersBuildPhase section */
		7EB1F36613997BFA00878B57 /* Headers */ = {
			isa = PBXHeadersBuildPhase;
			buildActionMask = 2147483647;
			files = (
			);
			runOnlyForDeploymentPostprocessing = 0;
		};
/* End PBXHeadersBuildPhase section */

/* Begin PBXNativeTarget section */
		7EB1F36713997BFA00878B57 /* ZXingLib */ = {
			isa = PBXNativeTarget;
			buildConfigurationList = 7EB1F37613997BFA00878B57 /* Build configuration list for PBXNativeTarget "ZXingLib" */;
			buildPhases = (
				7EB1F36413997BFA00878B57 /* Sources */,
				7EB1F36513997BFA00878B57 /* Frameworks */,
				7EB1F36613997BFA00878B57 /* Headers */,
			);
			buildRules = (
			);
			dependencies = (
			);
			name = ZXingLib;
			productName = ZXingLib;
			productReference = 7EB1F36813997BFA00878B57 /* libZXing.a */;
			productType = "com.apple.product-type.library.static";
		};
/* End PBXNativeTarget section */

/* Begin PBXProject section */
		7EB1F35F13997BFA00878B57 /* Project object */ = {
			isa = PBXProject;
			buildConfigurationList = 7EB1F36213997BFA00878B57 /* Build configuration list for PBXProject "ZXingLib" */;
			compatibilityVersion = "Xcode 3.2";
			developmentRegion = English;
			hasScannedForEncodings = 0;
			knownRegions = (
				en,
			);
			mainGroup = 7EB1F35D13997BFA00878B57;
			productRefGroup = 7EB1F36913997BFA00878B57 /* Products */;
			projectDirPath = "";
			projectRoot = "";
			targets = (
				7EB1F36713997BFA00878B57 /* ZXingLib */,
			);
		};
/* End PBXProject section */

/* Begin PBXSourcesBuildPhase section */
		7EB1F36413997BFA00878B57 /* Sources */ = {
			isa = PBXSourcesBuildPhase;
			buildActionMask = 2147483647;
			files = (
				7E2EE4C91399CC8B009375CA /* BarcodeFormat.cpp in Sources */,
				7E2EE4CA1399CC8B009375CA /* Binarizer.cpp in Sources */,
				7E2EE4CB1399CC8B009375CA /* BinaryBitmap.cpp in Sources */,
				7E2EE4CC1399CC8B009375CA /* DecodeHints.cpp in Sources */,
				7E2EE4CD1399CC8B009375CA /* Exception.cpp in Sources */,
				7E2EE4CE1399CC8B009375CA /* LuminanceSource.cpp in Sources */,
				7E2EE4D01399CC8B009375CA /* Reader.cpp in Sources */,
				7E2EE4D11399CC8B009375CA /* ReaderException.cpp in Sources */,
				7E2EE4D21399CC8B009375CA /* Result.cpp in Sources */,
				7E2EE4D31399CC8B009375CA /* ResultPoint.cpp in Sources */,
				7E2EE4D41399CC8B009375CA /* ResultPointCallback.cpp in Sources */,
				7E2EE4E51399CCC0009375CA /* Array.cpp in Sources */,
				7E2EE4E61399CCC0009375CA /* BitArray.cpp in Sources */,
				7E2EE4E71399CCC0009375CA /* BitMatrix.cpp in Sources */,
				7E2EE4E81399CCC0009375CA /* BitSource.cpp in Sources */,
				7E2EE4E91399CCC0009375CA /* Counted.cpp in Sources */,
				7E2EE4EA1399CCC0009375CA /* DecoderResult.cpp in Sources */,
				7E2EE4EB1399CCC0009375CA /* DetectorResult.cpp in Sources */,
				7E2EE4EC1399CCC0009375CA /* EdgeDetector.cpp in Sources */,
				7E2EE4ED1399CCC0009375CA /* GlobalHistogramBinarizer.cpp in Sources */,
				7E2EE4EE1399CCC0009375CA /* GreyscaleLuminanceSource.cpp in Sources */,
				7E2EE4EF1399CCC0009375CA /* GreyscaleRotatedLuminanceSource.cpp in Sources */,
				7E2EE4F01399CCC0009375CA /* GridSampler.cpp in Sources */,
				7E2EE4F11399CCC0009375CA /* HybridBinarizer.cpp in Sources */,
				7E2EE4F21399CCC0009375CA /* IllegalArgumentException.cpp in Sources */,
				7E2EE4F31399CCC0009375CA /* PerspectiveTransform.cpp in Sources */,
				7E2EE4F41399CCC0009375CA /* Str.cpp in Sources */,
				7E2EE4F71399CCD8009375CA /* DataMatrixReader.cpp in Sources */,
				7E2EE4F81399CCD8009375CA /* Version.cpp in Sources */,
				7E2EE4FD1399CCF5009375CA /* GF256.cpp in Sources */,
				7E2EE4FE1399CCF5009375CA /* GF256Poly.cpp in Sources */,
				7E2EE4FF1399CCF5009375CA /* ReedSolomonDecoder.cpp in Sources */,
				7E2EE5001399CCF5009375CA /* ReedSolomonException.cpp in Sources */,
				7E2EE5051399CD14009375CA /* BitMatrixParser.cpp in Sources */,
				7E2EE5061399CD14009375CA /* DataBlock.cpp in Sources */,
				7E2EE5071399CD14009375CA /* DecodedBitStreamParser.cpp in Sources */,
				7E2EE5081399CD14009375CA /* Decoder.cpp in Sources */,
				7E2EE50C1399CD34009375CA /* CornerPoint.cpp in Sources */,
				7E2EE50D1399CD34009375CA /* Detector.cpp in Sources */,
				7E2EE50E1399CD34009375CA /* MonochromeRectangleDetector.cpp in Sources */,
				7E2EE51B1399CD5A009375CA /* Code39Reader.cpp in Sources */,
				7E2EE52D1399CD81009375CA /* BitMatrixParser.cpp in Sources */,
				7E2EE52E1399CD81009375CA /* DataBlock.cpp in Sources */,
				7E2EE52F1399CD81009375CA /* DataMask.cpp in Sources */,
				7E2EE5301399CD81009375CA /* DecodedBitStreamParser.cpp in Sources */,
				7E2EE5311399CD81009375CA /* Decoder.cpp in Sources */,
				7E2EE5321399CD81009375CA /* Mode.cpp in Sources */,
				7E2EE53A1399CD98009375CA /* AlignmentPattern.cpp in Sources */,
				7E2EE53B1399CD98009375CA /* AlignmentPatternFinder.cpp in Sources */,
				7E2EE53C1399CD98009375CA /* Detector.cpp in Sources */,
				7E2EE53D1399CD98009375CA /* FinderPattern.cpp in Sources */,
				7E2EE53E1399CD98009375CA /* FinderPatternFinder.cpp in Sources */,
				7E2EE53F1399CD98009375CA /* FinderPatternInfo.cpp in Sources */,
				7E2EE5401399CD98009375CA /* QREdgeDetector.cpp in Sources */,
				7E2EE5451399CDBA009375CA /* ErrorCorrectionLevel.cpp in Sources */,
				7E2EE5461399CDBA009375CA /* FormatInformation.cpp in Sources */,
				7E2EE5471399CDBA009375CA /* QRCodeReader.cpp in Sources */,
				7E2EE5481399CDBA009375CA /* Version.cpp in Sources */,
				7E33766D139A990400D2CB39 /* MultiFormatReader.cpp in Sources */,
				7E680927139AC12A008D6136 /* Code39Reader.cpp in Sources */,
				7E680928139AC12A008D6136 /* Code128Reader.cpp in Sources */,
				7E680929139AC12A008D6136 /* EAN8Reader.cpp in Sources */,
				7E68092A139AC12A008D6136 /* EAN13Reader.cpp in Sources */,
				7E68092B139AC12A008D6136 /* ITFReader.cpp in Sources */,
				7E68092C139AC12A008D6136 /* MultiFormatOneDReader.cpp in Sources */,
				7E68092D139AC12A008D6136 /* MultiFormatUPCEANReader.cpp in Sources */,
				7E68092E139AC12A008D6136 /* OneDReader.cpp in Sources */,
				7E68092F139AC12A008D6136 /* OneDResultPoint.cpp in Sources */,
				7E680930139AC12A008D6136 /* UPCAReader.cpp in Sources */,
				7E680931139AC12A008D6136 /* UPCEANReader.cpp in Sources */,
				7E680932139AC12A008D6136 /* UPCEReader.cpp in Sources */,
			);
			runOnlyForDeploymentPostprocessing = 0;
		};
/* End PBXSourcesBuildPhase section */

/* Begin XCBuildConfiguration section */
		7EB1F37413997BFA00878B57 /* Debug */ = {
			isa = XCBuildConfiguration;
			buildSettings = {
				ARCHS = "$(ARCHS_STANDARD_32_64_BIT)";
				EXECUTABLE_PREFIX = "";
				GCC_C_LANGUAGE_STANDARD = gnu99;
				GCC_OPTIMIZATION_LEVEL = 0;
				GCC_PREPROCESSOR_DEFINITIONS = DEBUG;
				GCC_SYMBOLS_PRIVATE_EXTERN = NO;
				GCC_VERSION = com.apple.compilers.llvm.clang.1_0;
				GCC_WARN_64_TO_32_BIT_CONVERSION = NO;
				GCC_WARN_ABOUT_RETURN_TYPE = YES;
				GCC_WARN_UNUSED_VARIABLE = YES;
				HEADER_SEARCH_PATHS = (
					"$(SRCROOT)/../../cpp/core/src/**",
					"$(PROJECT_DIR)/../../cpp/core/src/**",
				);
				MACOSX_DEPLOYMENT_TARGET = 10.5;
				ONLY_ACTIVE_ARCH = YES;
				SDKROOT = macosx;
			};
			name = Debug;
		};
		7EB1F37513997BFA00878B57 /* Release */ = {
			isa = XCBuildConfiguration;
			buildSettings = {
				ARCHS = "$(ARCHS_STANDARD_32_64_BIT)";
				EXECUTABLE_PREFIX = "";
				GCC_C_LANGUAGE_STANDARD = gnu99;
				GCC_VERSION = com.apple.compilers.llvm.clang.1_0;
				GCC_WARN_64_TO_32_BIT_CONVERSION = NO;
				GCC_WARN_ABOUT_RETURN_TYPE = YES;
				GCC_WARN_UNUSED_VARIABLE = YES;
				HEADER_SEARCH_PATHS = (
					"$(SRCROOT)/../../cpp/core/src/**",
					"$(PROJECT_DIR)/../../cpp/core/src/**",
				);
				MACOSX_DEPLOYMENT_TARGET = 10.5;
				SDKROOT = macosx;
			};
			name = Release;
		};
		7EB1F37713997BFA00878B57 /* Debug */ = {
			isa = XCBuildConfiguration;
			buildSettings = {
				ALWAYS_SEARCH_USER_PATHS = NO;
				COPY_PHASE_STRIP = NO;
				GCC_DYNAMIC_NO_PIC = NO;
				GCC_ENABLE_OBJC_EXCEPTIONS = YES;
				GCC_PRECOMPILE_PREFIX_HEADER = YES;
				GCC_PREFIX_HEADER = "ZXingLib/ZXingLib-Prefix.pch";
				GCC_WARN_64_TO_32_BIT_CONVERSION = NO;
				HEADER_SEARCH_PATHS = (
					"$(SRCROOT)/../../cpp/core/src/**",
					"$(PROJECT_DIR)/../../cpp/core/src/**",
				);
				PRODUCT_NAME = libZXing;
				USER_HEADER_SEARCH_PATHS = "";
				WRAPPER_EXTENSION = a;
			};
			name = Debug;
		};
		7EB1F37813997BFA00878B57 /* Release */ = {
			isa = XCBuildConfiguration;
			buildSettings = {
				ALWAYS_SEARCH_USER_PATHS = NO;
				COPY_PHASE_STRIP = YES;
				DEBUG_INFORMATION_FORMAT = "dwarf-with-dsym";
				GCC_ENABLE_OBJC_EXCEPTIONS = YES;
				GCC_PRECOMPILE_PREFIX_HEADER = YES;
				GCC_PREFIX_HEADER = "ZXingLib/ZXingLib-Prefix.pch";
				GCC_WARN_64_TO_32_BIT_CONVERSION = NO;
				HEADER_SEARCH_PATHS = (
					"$(SRCROOT)/../../cpp/core/src/**",
					"$(PROJECT_DIR)/../../cpp/core/src/**",
				);
				PRODUCT_NAME = libZXing;
				USER_HEADER_SEARCH_PATHS = "";
				WRAPPER_EXTENSION = a;
			};
			name = Release;
		};
/* End XCBuildConfiguration section */

/* Begin XCConfigurationList section */
		7EB1F36213997BFA00878B57 /* Build configuration list for PBXProject "ZXingLib" */ = {
			isa = XCConfigurationList;
			buildConfigurations = (
				7EB1F37413997BFA00878B57 /* Debug */,
				7EB1F37513997BFA00878B57 /* Release */,
			);
			defaultConfigurationIsVisible = 0;
			defaultConfigurationName = Release;
		};
		7EB1F37613997BFA00878B57 /* Build configuration list for PBXNativeTarget "ZXingLib" */ = {
			isa = XCConfigurationList;
			buildConfigurations = (
				7EB1F37713997BFA00878B57 /* Debug */,
				7EB1F37813997BFA00878B57 /* Release */,
			);
			defaultConfigurationIsVisible = 0;
			defaultConfigurationName = Release;
		};
/* End XCConfigurationList section */
	};
	rootObject = 7EB1F35F13997BFA00878B57 /* Project object */;
}
